// !$*UTF8*$!
{
	archiveVersion = 1;
	classes = {
	};
	objectVersion = 46;
	objects = {

/* Begin PBXBuildFile section */
		CB114FA02124C90E2E1EC1DC /* libPods.a in Frameworks */ = {isa = PBXBuildFile; fileRef = 4DC345F8B1DDD5F1CC155D26 /* libPods.a */; };
		CE04B4011B18D1E100C5ECD0 /* ReviewCreateViewController.m in Sources */ = {isa = PBXBuildFile; fileRef = CE04B4001B18D1E100C5ECD0 /* ReviewCreateViewController.m */; };
		CE04B4091B18E94200C5ECD0 /* VenueMapViewController.m in Sources */ = {isa = PBXBuildFile; fileRef = CE04B4081B18E94200C5ECD0 /* VenueMapViewController.m */; };
		CE04B40D1B18E96100C5ECD0 /* ViewController.m in Sources */ = {isa = PBXBuildFile; fileRef = CE04B40C1B18E96100C5ECD0 /* ViewController.m */; };
		CE04B40F1B18F1EE00C5ECD0 /* MapKit.framework in Frameworks */ = {isa = PBXBuildFile; fileRef = CE04B40E1B18F1EE00C5ECD0 /* MapKit.framework */; };
		CE04B4191B19048300C5ECD0 /* VenueAddressCell.xib in Resources */ = {isa = PBXBuildFile; fileRef = CE04B4171B19048300C5ECD0 /* VenueAddressCell.xib */; };
		CE04B41D1B19106500C5ECD0 /* Images.xcassets in Resources */ = {isa = PBXBuildFile; fileRef = CE04B41C1B19106500C5ECD0 /* Images.xcassets */; };
		CE130B621B14CB7500601160 /* APIService.m in Sources */ = {isa = PBXBuildFile; fileRef = CE130B5F1B14CB7500601160 /* APIService.m */; };
		CE2CE09C1B138F9800119639 /* NSDictionary+SafeParsing.m in Sources */ = {isa = PBXBuildFile; fileRef = CE2CE09B1B138F9800119639 /* NSDictionary+SafeParsing.m */; };
		CE2CE0A01B1394E700119639 /* NSObject+SafeParsing.m in Sources */ = {isa = PBXBuildFile; fileRef = CE2CE09F1B1394E700119639 /* NSObject+SafeParsing.m */; };
		CE2CE0A41B13976B00119639 /* NSMutableArray+Secure.m in Sources */ = {isa = PBXBuildFile; fileRef = CE2CE0A31B13976B00119639 /* NSMutableArray+Secure.m */; };
		CE2CE0A81B139A2900119639 /* Photo.m in Sources */ = {isa = PBXBuildFile; fileRef = CE2CE0A71B139A2900119639 /* Photo.m */; };
		CE2CE0AB1B139AC700119639 /* Photo+Parsing.m in Sources */ = {isa = PBXBuildFile; fileRef = CE2CE0AA1B139AC700119639 /* Photo+Parsing.m */; };
		CE2CE0BA1B139EFC00119639 /* VenueContactItem.m in Sources */ = {isa = PBXBuildFile; fileRef = CE2CE0B91B139EFC00119639 /* VenueContactItem.m */; };
		CE3053A51B15E9350063ED98 /* VenuesDataClient.m in Sources */ = {isa = PBXBuildFile; fileRef = CE3053A41B15E9350063ED98 /* VenuesDataClient.m */; };
		CE3053A91B15EBFD0063ED98 /* VenuesCacheClient.m in Sources */ = {isa = PBXBuildFile; fileRef = CE3053A81B15EBFD0063ED98 /* VenuesCacheClient.m */; };
		CE3053B51B15EE070063ED98 /* VenuesService.m in Sources */ = {isa = PBXBuildFile; fileRef = CE3053B41B15EE070063ED98 /* VenuesService.m */; };
		CE3053B81B15EE980063ED98 /* ServiceLayer.m in Sources */ = {isa = PBXBuildFile; fileRef = CE3053B71B15EE980063ED98 /* ServiceLayer.m */; };
		CE3099651B14A24C00678C6F /* NSDateFormatter+Singleton.m in Sources */ = {isa = PBXBuildFile; fileRef = CE3099641B14A24C00678C6F /* NSDateFormatter+Singleton.m */; };
		CE3844A31B17607C00261D08 /* ReviewTableViewCell.m in Sources */ = {isa = PBXBuildFile; fileRef = CE3844A11B17607C00261D08 /* ReviewTableViewCell.m */; };
		CE3844A41B17607C00261D08 /* ReviewTableViewCell.xib in Resources */ = {isa = PBXBuildFile; fileRef = CE3844A21B17607C00261D08 /* ReviewTableViewCell.xib */; };
		CE3844A71B1761CA00261D08 /* ReviewsTableViewController.m in Sources */ = {isa = PBXBuildFile; fileRef = CE3844A61B1761CA00261D08 /* ReviewsTableViewController.m */; };
		CE3844AA1B1761E200261D08 /* ReviewsViewPresenter.m in Sources */ = {isa = PBXBuildFile; fileRef = CE3844A91B1761E200261D08 /* ReviewsViewPresenter.m */; };
		CE3844B11B17646C00261D08 /* BackgroundView.m in Sources */ = {isa = PBXBuildFile; fileRef = CE3844B01B17646C00261D08 /* BackgroundView.m */; };
		CE3844B41B17656400261D08 /* Review.m in Sources */ = {isa = PBXBuildFile; fileRef = CE3844B31B17656400261D08 /* Review.m */; };
		CE3844B71B17669500261D08 /* Review+Parsing.m in Sources */ = {isa = PBXBuildFile; fileRef = CE3844B61B17669500261D08 /* Review+Parsing.m */; };
		CE3844BB1B1768BD00261D08 /* User.m in Sources */ = {isa = PBXBuildFile; fileRef = CE3844BA1B1768BD00261D08 /* User.m */; };
		CE3844BE1B1769A100261D08 /* User+Parsing.m in Sources */ = {isa = PBXBuildFile; fileRef = CE3844BD1B1769A100261D08 /* User+Parsing.m */; };
		CE3844C11B1779A300261D08 /* UserCache.m in Sources */ = {isa = PBXBuildFile; fileRef = CE3844C01B1779A300261D08 /* UserCache.m */; };
		CE3844C41B1779A400261D08 /* ReviewCache.m in Sources */ = {isa = PBXBuildFile; fileRef = CE3844C31B1779A400261D08 /* ReviewCache.m */; };
		CE3844C71B177A3D00261D08 /* Review+CacheParsing.m in Sources */ = {isa = PBXBuildFile; fileRef = CE3844C61B177A3D00261D08 /* Review+CacheParsing.m */; };
		CE3844CA1B177B0D00261D08 /* User+CacheParsing.m in Sources */ = {isa = PBXBuildFile; fileRef = CE3844C91B177B0D00261D08 /* User+CacheParsing.m */; };
		CE4407071B15F445000464D3 /* CacheClient.m in Sources */ = {isa = PBXBuildFile; fileRef = CE4407011B15F445000464D3 /* CacheClient.m */; };
		CE4407081B15F445000464D3 /* FueledVenues.xcdatamodeld in Sources */ = {isa = PBXBuildFile; fileRef = CE4407021B15F445000464D3 /* FueledVenues.xcdatamodeld */; };
		CE44070D1B15F48E000464D3 /* BaseCacheEntity.m in Sources */ = {isa = PBXBuildFile; fileRef = CE44070C1B15F48E000464D3 /* BaseCacheEntity.m */; };
		CE4407141B15F62E000464D3 /* Venue+CacheParsing.m in Sources */ = {isa = PBXBuildFile; fileRef = CE4407131B15F62E000464D3 /* Venue+CacheParsing.m */; };
		CE4407171B15F6EB000464D3 /* BaseEntity+CacheParsing.m in Sources */ = {isa = PBXBuildFile; fileRef = CE4407161B15F6EB000464D3 /* BaseEntity+CacheParsing.m */; };
		CE4407201B160360000464D3 /* Photo+CacheParsing.m in Sources */ = {isa = PBXBuildFile; fileRef = CE44071F1B160360000464D3 /* Photo+CacheParsing.m */; };
		CE4407291B1604AE000464D3 /* VenueCache.m in Sources */ = {isa = PBXBuildFile; fileRef = CE4407281B1604AE000464D3 /* VenueCache.m */; };
		CE44072C1B1604AF000464D3 /* PhotoCache.m in Sources */ = {isa = PBXBuildFile; fileRef = CE44072B1B1604AF000464D3 /* PhotoCache.m */; };
		CE44072F1B160B81000464D3 /* BaseItem.m in Sources */ = {isa = PBXBuildFile; fileRef = CE44072E1B160B81000464D3 /* BaseItem.m */; };
		CE44073A1B162638000464D3 /* NavigationController.m in Sources */ = {isa = PBXBuildFile; fileRef = CE4407391B162638000464D3 /* NavigationController.m */; };
		CE95426F1B18B44D00153C27 /* NSObject+Swizzle.m in Sources */ = {isa = PBXBuildFile; fileRef = CE95426E1B18B44D00153C27 /* NSObject+Swizzle.m */; };
		FA826F361B10D3500082B943 /* RatingView.m in Sources */ = {isa = PBXBuildFile; fileRef = FA826F351B10D3500082B943 /* RatingView.m */; };
		FA826F3D1B10F74E0082B943 /* UIColor+FVColors.m in Sources */ = {isa = PBXBuildFile; fileRef = FA826F3C1B10F74E0082B943 /* UIColor+FVColors.m */; };
		FA826F401B10F8420082B943 /* UIFont+FVFonts.m in Sources */ = {isa = PBXBuildFile; fileRef = FA826F3F1B10F8420082B943 /* UIFont+FVFonts.m */; };
		FA826F481B10F9B90082B943 /* UIView+FVStyles.m in Sources */ = {isa = PBXBuildFile; fileRef = FA826F471B10F9B90082B943 /* UIView+FVStyles.m */; };
		FA826F4C1B10FAF40082B943 /* FVNavigationBar.m in Sources */ = {isa = PBXBuildFile; fileRef = FA826F4B1B10FAF40082B943 /* FVNavigationBar.m */; };
		FAC950B71B10666A00A89F9C /* AppDelegate.m in Sources */ = {isa = PBXBuildFile; fileRef = FAC950B61B10666A00A89F9C /* AppDelegate.m */; };
		FAC950CE1B10666A00A89F9C /* FueledVenuesTests.m in Sources */ = {isa = PBXBuildFile; fileRef = FAC950CD1B10666A00A89F9C /* FueledVenuesTests.m */; };
		FADA92801B10701A0094BAA2 /* LaunchScreen.xib in Resources */ = {isa = PBXBuildFile; fileRef = FADA927D1B10701A0094BAA2 /* LaunchScreen.xib */; };
		FADA92811B10701A0094BAA2 /* Main.storyboard in Resources */ = {isa = PBXBuildFile; fileRef = FADA927E1B10701A0094BAA2 /* Main.storyboard */; };
		FADA92861B1070300094BAA2 /* main.m in Sources */ = {isa = PBXBuildFile; fileRef = FADA92841B1070300094BAA2 /* main.m */; };
		FADA928E1B10727F0094BAA2 /* SectionItem.m in Sources */ = {isa = PBXBuildFile; fileRef = FADA928D1B10727F0094BAA2 /* SectionItem.m */; };
		FADA92911B1072880094BAA2 /* MutableSectionItem.m in Sources */ = {isa = PBXBuildFile; fileRef = FADA92901B1072880094BAA2 /* MutableSectionItem.m */; };
		FADA929C1B1075AB0094BAA2 /* SectionItem+Protected.m in Sources */ = {isa = PBXBuildFile; fileRef = FADA929B1B1075AB0094BAA2 /* SectionItem+Protected.m */; };
		FADA929F1B1078080094BAA2 /* SectionsPresenter.m in Sources */ = {isa = PBXBuildFile; fileRef = FADA929E1B1078080094BAA2 /* SectionsPresenter.m */; };
		FADA92A21B1078E50094BAA2 /* SectionsPresenter+Protected.m in Sources */ = {isa = PBXBuildFile; fileRef = FADA92A11B1078E50094BAA2 /* SectionsPresenter+Protected.m */; };
		FADA92BC1B107A170094BAA2 /* PresenterChangeItem.m in Sources */ = {isa = PBXBuildFile; fileRef = FADA92AA1B107A170094BAA2 /* PresenterChangeItem.m */; };
		FADA92BD1B107A170094BAA2 /* PresenterChangeItemDelete.m in Sources */ = {isa = PBXBuildFile; fileRef = FADA92AC1B107A170094BAA2 /* PresenterChangeItemDelete.m */; };
		FADA92BE1B107A170094BAA2 /* PresenterChangeItemInsert.m in Sources */ = {isa = PBXBuildFile; fileRef = FADA92AE1B107A170094BAA2 /* PresenterChangeItemInsert.m */; };
		FADA92BF1B107A170094BAA2 /* PresenterChangeItemReload.m in Sources */ = {isa = PBXBuildFile; fileRef = FADA92B01B107A170094BAA2 /* PresenterChangeItemReload.m */; };
		FADA92C01B107A170094BAA2 /* PresenterChangeSection.m in Sources */ = {isa = PBXBuildFile; fileRef = FADA92B31B107A170094BAA2 /* PresenterChangeSection.m */; };
		FADA92C11B107A170094BAA2 /* PresenterChangeSectionDelete.m in Sources */ = {isa = PBXBuildFile; fileRef = FADA92B51B107A170094BAA2 /* PresenterChangeSectionDelete.m */; };
		FADA92C21B107A170094BAA2 /* PresenterChangeSectionInsert.m in Sources */ = {isa = PBXBuildFile; fileRef = FADA92B71B107A170094BAA2 /* PresenterChangeSectionInsert.m */; };
		FADA92C31B107A170094BAA2 /* PresenterChangeSectionReload.m in Sources */ = {isa = PBXBuildFile; fileRef = FADA92B91B107A170094BAA2 /* PresenterChangeSectionReload.m */; };
		FADA92C71B107BE80094BAA2 /* PresenterChangeReload.m in Sources */ = {isa = PBXBuildFile; fileRef = FADA92C61B107BE80094BAA2 /* PresenterChangeReload.m */; };
		FADA92CA1B107CDA0094BAA2 /* MutableSectionsPresenter.m in Sources */ = {isa = PBXBuildFile; fileRef = FADA92C91B107CDA0094BAA2 /* MutableSectionsPresenter.m */; };
		FADA92CD1B107FBD0094BAA2 /* TableViewController.m in Sources */ = {isa = PBXBuildFile; fileRef = FADA92CC1B107FBD0094BAA2 /* TableViewController.m */; };
		FADA92D01B107FFF0094BAA2 /* ReuseIdentifierMatcher.m in Sources */ = {isa = PBXBuildFile; fileRef = FADA92CF1B107FFF0094BAA2 /* ReuseIdentifierMatcher.m */; };
		FADA92D61B1085480094BAA2 /* BaseEntity.m in Sources */ = {isa = PBXBuildFile; fileRef = FADA92D51B1085480094BAA2 /* BaseEntity.m */; };
		FADA92D91B1085530094BAA2 /* Venue.m in Sources */ = {isa = PBXBuildFile; fileRef = FADA92D81B1085530094BAA2 /* Venue.m */; };
		FADA92DD1B1089380094BAA2 /* VenuesListViewController.m in Sources */ = {isa = PBXBuildFile; fileRef = FADA92DC1B1089380094BAA2 /* VenuesListViewController.m */; };
		FADA92E01B1092070094BAA2 /* VenuesPresenter.m in Sources */ = {isa = PBXBuildFile; fileRef = FADA92DF1B1092070094BAA2 /* VenuesPresenter.m */; };
		FADA92E41B10928E0094BAA2 /* VenueCell.m in Sources */ = {isa = PBXBuildFile; fileRef = FADA92E21B10928E0094BAA2 /* VenueCell.m */; };
		FADA92E51B10928E0094BAA2 /* VenueCell.xib in Resources */ = {isa = PBXBuildFile; fileRef = FADA92E31B10928E0094BAA2 /* VenueCell.xib */; };
		FADA92E81B10953C0094BAA2 /* BaseEntity+Parsing.m in Sources */ = {isa = PBXBuildFile; fileRef = FADA92E71B10953C0094BAA2 /* BaseEntity+Parsing.m */; };
		FADA92EB1B10969E0094BAA2 /* Venue+Parsing.m in Sources */ = {isa = PBXBuildFile; fileRef = FADA92EA1B10969E0094BAA2 /* Venue+Parsing.m */; };
		FADF41211B11D07F0083AE96 /* UIStoryboard+Links.m in Sources */ = {isa = PBXBuildFile; fileRef = FADF41201B11D07F0083AE96 /* UIStoryboard+Links.m */; };
		FADF412E1B11D77C0083AE96 /* PlaceholderTableView.m in Sources */ = {isa = PBXBuildFile; fileRef = FADF412D1B11D77C0083AE96 /* PlaceholderTableView.m */; };
		FADF41301B11E0BC0083AE96 /* Localizable.strings in Resources */ = {isa = PBXBuildFile; fileRef = FADF412F1B11E0BC0083AE96 /* Localizable.strings */; };
		FADF41331B11E28A0083AE96 /* TitleLabel.m in Sources */ = {isa = PBXBuildFile; fileRef = FADF41321B11E28A0083AE96 /* TitleLabel.m */; };
		FADF41371B11E4500083AE96 /* BaseTableViewCell.m in Sources */ = {isa = PBXBuildFile; fileRef = FADF41361B11E4500083AE96 /* BaseTableViewCell.m */; };
		FADF413A1B11E6C20083AE96 /* TextLabel.m in Sources */ = {isa = PBXBuildFile; fileRef = FADF41391B11E6C20083AE96 /* TextLabel.m */; };
		FADF413E1B11F6010083AE96 /* RatingStarView.m in Sources */ = {isa = PBXBuildFile; fileRef = FADF413D1B11F6010083AE96 /* RatingStarView.m */; };
		FADF41461B11FF510083AE96 /* VenueDetailsViewController.m in Sources */ = {isa = PBXBuildFile; fileRef = FADF41451B11FF510083AE96 /* VenueDetailsViewController.m */; };
		FADF41491B11FFB80083AE96 /* VenueDetailsPresenter.m in Sources */ = {isa = PBXBuildFile; fileRef = FADF41481B11FFB80083AE96 /* VenueDetailsPresenter.m */; };
		FADF414D1B12519E0083AE96 /* VenueButtonsCell.m in Sources */ = {isa = PBXBuildFile; fileRef = FADF414B1B12519E0083AE96 /* VenueButtonsCell.m */; };
		FADF414E1B12519E0083AE96 /* VenueButtonsCell.xib in Resources */ = {isa = PBXBuildFile; fileRef = FADF414C1B12519E0083AE96 /* VenueButtonsCell.xib */; };
		FADF41521B1253A30083AE96 /* VenueAddressCell.m in Sources */ = {isa = PBXBuildFile; fileRef = FADF41501B1253A30083AE96 /* VenueAddressCell.m */; };
		FADF41571B125BC00083AE96 /* NSArray+Map.m in Sources */ = {isa = PBXBuildFile; fileRef = FADF41561B125BC00083AE96 /* NSArray+Map.m */; };
/* End PBXBuildFile section */

/* Begin PBXContainerItemProxy section */
		FAC950C81B10666A00A89F9C /* PBXContainerItemProxy */ = {
			isa = PBXContainerItemProxy;
			containerPortal = FAC950A61B10666A00A89F9C /* Project object */;
			proxyType = 1;
			remoteGlobalIDString = FAC950AD1B10666A00A89F9C;
			remoteInfo = FueledVenues;
		};
/* End PBXContainerItemProxy section */

/* Begin PBXFileReference section */
		4DC345F8B1DDD5F1CC155D26 /* libPods.a */ = {isa = PBXFileReference; explicitFileType = archive.ar; includeInIndex = 0; path = libPods.a; sourceTree = BUILT_PRODUCTS_DIR; };
		AAC432F46997FABFFF9157CA /* Pods.debug.xcconfig */ = {isa = PBXFileReference; includeInIndex = 1; lastKnownFileType = text.xcconfig; name = Pods.debug.xcconfig; path = "Pods/Target Support Files/Pods/Pods.debug.xcconfig"; sourceTree = "<group>"; };
		CE04B3FF1B18D1E100C5ECD0 /* ReviewCreateViewController.h */ = {isa = PBXFileReference; fileEncoding = 4; lastKnownFileType = sourcecode.c.h; path = ReviewCreateViewController.h; sourceTree = "<group>"; };
		CE04B4001B18D1E100C5ECD0 /* ReviewCreateViewController.m */ = {isa = PBXFileReference; fileEncoding = 4; lastKnownFileType = sourcecode.c.objc; path = ReviewCreateViewController.m; sourceTree = "<group>"; };
		CE04B4071B18E94200C5ECD0 /* VenueMapViewController.h */ = {isa = PBXFileReference; fileEncoding = 4; lastKnownFileType = sourcecode.c.h; path = VenueMapViewController.h; sourceTree = "<group>"; };
		CE04B4081B18E94200C5ECD0 /* VenueMapViewController.m */ = {isa = PBXFileReference; fileEncoding = 4; lastKnownFileType = sourcecode.c.objc; path = VenueMapViewController.m; sourceTree = "<group>"; };
		CE04B40B1B18E96100C5ECD0 /* ViewController.h */ = {isa = PBXFileReference; fileEncoding = 4; lastKnownFileType = sourcecode.c.h; path = ViewController.h; sourceTree = "<group>"; };
		CE04B40C1B18E96100C5ECD0 /* ViewController.m */ = {isa = PBXFileReference; fileEncoding = 4; lastKnownFileType = sourcecode.c.objc; path = ViewController.m; sourceTree = "<group>"; };
		CE04B40E1B18F1EE00C5ECD0 /* MapKit.framework */ = {isa = PBXFileReference; lastKnownFileType = wrapper.framework; name = MapKit.framework; path = System/Library/Frameworks/MapKit.framework; sourceTree = SDKROOT; };
		CE04B4171B19048300C5ECD0 /* VenueAddressCell.xib */ = {isa = PBXFileReference; fileEncoding = 4; lastKnownFileType = file.xib; path = VenueAddressCell.xib; sourceTree = "<group>"; };
		CE04B41C1B19106500C5ECD0 /* Images.xcassets */ = {isa = PBXFileReference; lastKnownFileType = folder.assetcatalog; path = Images.xcassets; sourceTree = "<group>"; };
		CE130B5E1B14CB7500601160 /* APIService.h */ = {isa = PBXFileReference; fileEncoding = 4; lastKnownFileType = sourcecode.c.h; path = APIService.h; sourceTree = "<group>"; };
		CE130B5F1B14CB7500601160 /* APIService.m */ = {isa = PBXFileReference; fileEncoding = 4; lastKnownFileType = sourcecode.c.objc; path = APIService.m; sourceTree = "<group>"; };
		CE2CE09A1B138F9800119639 /* NSDictionary+SafeParsing.h */ = {isa = PBXFileReference; fileEncoding = 4; lastKnownFileType = sourcecode.c.h; path = "NSDictionary+SafeParsing.h"; sourceTree = "<group>"; };
		CE2CE09B1B138F9800119639 /* NSDictionary+SafeParsing.m */ = {isa = PBXFileReference; fileEncoding = 4; lastKnownFileType = sourcecode.c.objc; path = "NSDictionary+SafeParsing.m"; sourceTree = "<group>"; };
		CE2CE09E1B1394E700119639 /* NSObject+SafeParsing.h */ = {isa = PBXFileReference; fileEncoding = 4; lastKnownFileType = sourcecode.c.h; path = "NSObject+SafeParsing.h"; sourceTree = "<group>"; };
		CE2CE09F1B1394E700119639 /* NSObject+SafeParsing.m */ = {isa = PBXFileReference; fileEncoding = 4; lastKnownFileType = sourcecode.c.objc; path = "NSObject+SafeParsing.m"; sourceTree = "<group>"; };
		CE2CE0A21B13976B00119639 /* NSMutableArray+Secure.h */ = {isa = PBXFileReference; fileEncoding = 4; lastKnownFileType = sourcecode.c.h; path = "NSMutableArray+Secure.h"; sourceTree = "<group>"; };
		CE2CE0A31B13976B00119639 /* NSMutableArray+Secure.m */ = {isa = PBXFileReference; fileEncoding = 4; lastKnownFileType = sourcecode.c.objc; path = "NSMutableArray+Secure.m"; sourceTree = "<group>"; };
		CE2CE0A61B139A2900119639 /* Photo.h */ = {isa = PBXFileReference; fileEncoding = 4; lastKnownFileType = sourcecode.c.h; path = Photo.h; sourceTree = "<group>"; };
		CE2CE0A71B139A2900119639 /* Photo.m */ = {isa = PBXFileReference; fileEncoding = 4; lastKnownFileType = sourcecode.c.objc; path = Photo.m; sourceTree = "<group>"; };
		CE2CE0A91B139AC700119639 /* Photo+Parsing.h */ = {isa = PBXFileReference; fileEncoding = 4; lastKnownFileType = sourcecode.c.h; path = "Photo+Parsing.h"; sourceTree = "<group>"; };
		CE2CE0AA1B139AC700119639 /* Photo+Parsing.m */ = {isa = PBXFileReference; fileEncoding = 4; lastKnownFileType = sourcecode.c.objc; path = "Photo+Parsing.m"; sourceTree = "<group>"; };
		CE2CE0B81B139EFC00119639 /* VenueContactItem.h */ = {isa = PBXFileReference; fileEncoding = 4; lastKnownFileType = sourcecode.c.h; path = VenueContactItem.h; sourceTree = "<group>"; };
		CE2CE0B91B139EFC00119639 /* VenueContactItem.m */ = {isa = PBXFileReference; fileEncoding = 4; lastKnownFileType = sourcecode.c.objc; path = VenueContactItem.m; sourceTree = "<group>"; };
		CE3053A31B15E9350063ED98 /* VenuesDataClient.h */ = {isa = PBXFileReference; fileEncoding = 4; lastKnownFileType = sourcecode.c.h; path = VenuesDataClient.h; sourceTree = "<group>"; };
		CE3053A41B15E9350063ED98 /* VenuesDataClient.m */ = {isa = PBXFileReference; fileEncoding = 4; lastKnownFileType = sourcecode.c.objc; path = VenuesDataClient.m; sourceTree = "<group>"; };
		CE3053A71B15EBFD0063ED98 /* VenuesCacheClient.h */ = {isa = PBXFileReference; fileEncoding = 4; lastKnownFileType = sourcecode.c.h; path = VenuesCacheClient.h; sourceTree = "<group>"; };
		CE3053A81B15EBFD0063ED98 /* VenuesCacheClient.m */ = {isa = PBXFileReference; fileEncoding = 4; lastKnownFileType = sourcecode.c.objc; path = VenuesCacheClient.m; sourceTree = "<group>"; };
		CE3053B31B15EE070063ED98 /* VenuesService.h */ = {isa = PBXFileReference; fileEncoding = 4; lastKnownFileType = sourcecode.c.h; path = VenuesService.h; sourceTree = "<group>"; };
		CE3053B41B15EE070063ED98 /* VenuesService.m */ = {isa = PBXFileReference; fileEncoding = 4; lastKnownFileType = sourcecode.c.objc; path = VenuesService.m; sourceTree = "<group>"; };
		CE3053B61B15EE980063ED98 /* ServiceLayer.h */ = {isa = PBXFileReference; fileEncoding = 4; lastKnownFileType = sourcecode.c.h; path = ServiceLayer.h; sourceTree = "<group>"; };
		CE3053B71B15EE980063ED98 /* ServiceLayer.m */ = {isa = PBXFileReference; fileEncoding = 4; lastKnownFileType = sourcecode.c.objc; path = ServiceLayer.m; sourceTree = "<group>"; };
		CE3099631B14A24C00678C6F /* NSDateFormatter+Singleton.h */ = {isa = PBXFileReference; fileEncoding = 4; lastKnownFileType = sourcecode.c.h; path = "NSDateFormatter+Singleton.h"; sourceTree = "<group>"; };
		CE3099641B14A24C00678C6F /* NSDateFormatter+Singleton.m */ = {isa = PBXFileReference; fileEncoding = 4; lastKnownFileType = sourcecode.c.objc; path = "NSDateFormatter+Singleton.m"; sourceTree = "<group>"; };
		CE3844A01B17607C00261D08 /* ReviewTableViewCell.h */ = {isa = PBXFileReference; fileEncoding = 4; lastKnownFileType = sourcecode.c.h; path = ReviewTableViewCell.h; sourceTree = "<group>"; };
		CE3844A11B17607C00261D08 /* ReviewTableViewCell.m */ = {isa = PBXFileReference; fileEncoding = 4; lastKnownFileType = sourcecode.c.objc; path = ReviewTableViewCell.m; sourceTree = "<group>"; };
		CE3844A21B17607C00261D08 /* ReviewTableViewCell.xib */ = {isa = PBXFileReference; fileEncoding = 4; lastKnownFileType = file.xib; path = ReviewTableViewCell.xib; sourceTree = "<group>"; };
		CE3844A51B1761CA00261D08 /* ReviewsTableViewController.h */ = {isa = PBXFileReference; fileEncoding = 4; lastKnownFileType = sourcecode.c.h; path = ReviewsTableViewController.h; sourceTree = "<group>"; };
		CE3844A61B1761CA00261D08 /* ReviewsTableViewController.m */ = {isa = PBXFileReference; fileEncoding = 4; lastKnownFileType = sourcecode.c.objc; path = ReviewsTableViewController.m; sourceTree = "<group>"; };
		CE3844A81B1761E200261D08 /* ReviewsViewPresenter.h */ = {isa = PBXFileReference; fileEncoding = 4; lastKnownFileType = sourcecode.c.h; path = ReviewsViewPresenter.h; sourceTree = "<group>"; };
		CE3844A91B1761E200261D08 /* ReviewsViewPresenter.m */ = {isa = PBXFileReference; fileEncoding = 4; lastKnownFileType = sourcecode.c.objc; path = ReviewsViewPresenter.m; sourceTree = "<group>"; };
		CE3844AF1B17646C00261D08 /* BackgroundView.h */ = {isa = PBXFileReference; fileEncoding = 4; lastKnownFileType = sourcecode.c.h; path = BackgroundView.h; sourceTree = "<group>"; };
		CE3844B01B17646C00261D08 /* BackgroundView.m */ = {isa = PBXFileReference; fileEncoding = 4; lastKnownFileType = sourcecode.c.objc; path = BackgroundView.m; sourceTree = "<group>"; };
		CE3844B21B17656400261D08 /* Review.h */ = {isa = PBXFileReference; fileEncoding = 4; lastKnownFileType = sourcecode.c.h; path = Review.h; sourceTree = "<group>"; };
		CE3844B31B17656400261D08 /* Review.m */ = {isa = PBXFileReference; fileEncoding = 4; lastKnownFileType = sourcecode.c.objc; path = Review.m; sourceTree = "<group>"; };
		CE3844B51B17669500261D08 /* Review+Parsing.h */ = {isa = PBXFileReference; fileEncoding = 4; lastKnownFileType = sourcecode.c.h; path = "Review+Parsing.h"; sourceTree = "<group>"; };
		CE3844B61B17669500261D08 /* Review+Parsing.m */ = {isa = PBXFileReference; fileEncoding = 4; lastKnownFileType = sourcecode.c.objc; path = "Review+Parsing.m"; sourceTree = "<group>"; };
		CE3844B91B1768BD00261D08 /* User.h */ = {isa = PBXFileReference; fileEncoding = 4; lastKnownFileType = sourcecode.c.h; path = User.h; sourceTree = "<group>"; };
		CE3844BA1B1768BD00261D08 /* User.m */ = {isa = PBXFileReference; fileEncoding = 4; lastKnownFileType = sourcecode.c.objc; path = User.m; sourceTree = "<group>"; };
		CE3844BC1B1769A100261D08 /* User+Parsing.h */ = {isa = PBXFileReference; fileEncoding = 4; lastKnownFileType = sourcecode.c.h; path = "User+Parsing.h"; sourceTree = "<group>"; };
		CE3844BD1B1769A100261D08 /* User+Parsing.m */ = {isa = PBXFileReference; fileEncoding = 4; lastKnownFileType = sourcecode.c.objc; path = "User+Parsing.m"; sourceTree = "<group>"; };
		CE3844BF1B1779A300261D08 /* UserCache.h */ = {isa = PBXFileReference; fileEncoding = 4; lastKnownFileType = sourcecode.c.h; path = UserCache.h; sourceTree = "<group>"; };
		CE3844C01B1779A300261D08 /* UserCache.m */ = {isa = PBXFileReference; fileEncoding = 4; lastKnownFileType = sourcecode.c.objc; path = UserCache.m; sourceTree = "<group>"; };
		CE3844C21B1779A400261D08 /* ReviewCache.h */ = {isa = PBXFileReference; fileEncoding = 4; lastKnownFileType = sourcecode.c.h; path = ReviewCache.h; sourceTree = "<group>"; };
		CE3844C31B1779A400261D08 /* ReviewCache.m */ = {isa = PBXFileReference; fileEncoding = 4; lastKnownFileType = sourcecode.c.objc; path = ReviewCache.m; sourceTree = "<group>"; };
		CE3844C51B177A3D00261D08 /* Review+CacheParsing.h */ = {isa = PBXFileReference; fileEncoding = 4; lastKnownFileType = sourcecode.c.h; path = "Review+CacheParsing.h"; sourceTree = "<group>"; };
		CE3844C61B177A3D00261D08 /* Review+CacheParsing.m */ = {isa = PBXFileReference; fileEncoding = 4; lastKnownFileType = sourcecode.c.objc; path = "Review+CacheParsing.m"; sourceTree = "<group>"; };
		CE3844C81B177B0D00261D08 /* User+CacheParsing.h */ = {isa = PBXFileReference; fileEncoding = 4; lastKnownFileType = sourcecode.c.h; path = "User+CacheParsing.h"; sourceTree = "<group>"; };
		CE3844C91B177B0D00261D08 /* User+CacheParsing.m */ = {isa = PBXFileReference; fileEncoding = 4; lastKnownFileType = sourcecode.c.objc; path = "User+CacheParsing.m"; sourceTree = "<group>"; };
		CE4406F61B15F12A000464D3 /* Constants.h */ = {isa = PBXFileReference; lastKnownFileType = sourcecode.c.h; path = Constants.h; sourceTree = "<group>"; };
		CE4407001B15F445000464D3 /* CacheClient.h */ = {isa = PBXFileReference; fileEncoding = 4; lastKnownFileType = sourcecode.c.h; path = CacheClient.h; sourceTree = "<group>"; };
		CE4407011B15F445000464D3 /* CacheClient.m */ = {isa = PBXFileReference; fileEncoding = 4; lastKnownFileType = sourcecode.c.objc; path = CacheClient.m; sourceTree = "<group>"; };
		CE4407031B15F445000464D3 /* FueledVenues.xcdatamodel */ = {isa = PBXFileReference; lastKnownFileType = wrapper.xcdatamodel; path = FueledVenues.xcdatamodel; sourceTree = "<group>"; };
		CE44070B1B15F48E000464D3 /* BaseCacheEntity.h */ = {isa = PBXFileReference; fileEncoding = 4; lastKnownFileType = sourcecode.c.h; path = BaseCacheEntity.h; sourceTree = "<group>"; };
		CE44070C1B15F48E000464D3 /* BaseCacheEntity.m */ = {isa = PBXFileReference; fileEncoding = 4; lastKnownFileType = sourcecode.c.objc; path = BaseCacheEntity.m; sourceTree = "<group>"; };
		CE4407121B15F62E000464D3 /* Venue+CacheParsing.h */ = {isa = PBXFileReference; fileEncoding = 4; lastKnownFileType = sourcecode.c.h; path = "Venue+CacheParsing.h"; sourceTree = "<group>"; };
		CE4407131B15F62E000464D3 /* Venue+CacheParsing.m */ = {isa = PBXFileReference; fileEncoding = 4; lastKnownFileType = sourcecode.c.objc; path = "Venue+CacheParsing.m"; sourceTree = "<group>"; };
		CE4407151B15F6EB000464D3 /* BaseEntity+CacheParsing.h */ = {isa = PBXFileReference; fileEncoding = 4; lastKnownFileType = sourcecode.c.h; path = "BaseEntity+CacheParsing.h"; sourceTree = "<group>"; };
		CE4407161B15F6EB000464D3 /* BaseEntity+CacheParsing.m */ = {isa = PBXFileReference; fileEncoding = 4; lastKnownFileType = sourcecode.c.objc; path = "BaseEntity+CacheParsing.m"; sourceTree = "<group>"; };
		CE44071E1B160360000464D3 /* Photo+CacheParsing.h */ = {isa = PBXFileReference; fileEncoding = 4; lastKnownFileType = sourcecode.c.h; path = "Photo+CacheParsing.h"; sourceTree = "<group>"; };
		CE44071F1B160360000464D3 /* Photo+CacheParsing.m */ = {isa = PBXFileReference; fileEncoding = 4; lastKnownFileType = sourcecode.c.objc; path = "Photo+CacheParsing.m"; sourceTree = "<group>"; };
		CE4407271B1604AE000464D3 /* VenueCache.h */ = {isa = PBXFileReference; fileEncoding = 4; lastKnownFileType = sourcecode.c.h; path = VenueCache.h; sourceTree = "<group>"; };
		CE4407281B1604AE000464D3 /* VenueCache.m */ = {isa = PBXFileReference; fileEncoding = 4; lastKnownFileType = sourcecode.c.objc; path = VenueCache.m; sourceTree = "<group>"; };
		CE44072A1B1604AF000464D3 /* PhotoCache.h */ = {isa = PBXFileReference; fileEncoding = 4; lastKnownFileType = sourcecode.c.h; path = PhotoCache.h; sourceTree = "<group>"; };
		CE44072B1B1604AF000464D3 /* PhotoCache.m */ = {isa = PBXFileReference; fileEncoding = 4; lastKnownFileType = sourcecode.c.objc; path = PhotoCache.m; sourceTree = "<group>"; };
		CE44072D1B160B81000464D3 /* BaseItem.h */ = {isa = PBXFileReference; fileEncoding = 4; lastKnownFileType = sourcecode.c.h; path = BaseItem.h; sourceTree = "<group>"; };
		CE44072E1B160B81000464D3 /* BaseItem.m */ = {isa = PBXFileReference; fileEncoding = 4; lastKnownFileType = sourcecode.c.objc; path = BaseItem.m; sourceTree = "<group>"; };
		CE4407311B1611F5000464D3 /* BaseItem_Protected.h */ = {isa = PBXFileReference; fileEncoding = 4; lastKnownFileType = sourcecode.c.h; path = BaseItem_Protected.h; sourceTree = "<group>"; };
		CE4407381B162638000464D3 /* NavigationController.h */ = {isa = PBXFileReference; fileEncoding = 4; lastKnownFileType = sourcecode.c.h; path = NavigationController.h; sourceTree = "<group>"; };
		CE4407391B162638000464D3 /* NavigationController.m */ = {isa = PBXFileReference; fileEncoding = 4; lastKnownFileType = sourcecode.c.objc; path = NavigationController.m; sourceTree = "<group>"; };
		CE95426D1B18B44D00153C27 /* NSObject+Swizzle.h */ = {isa = PBXFileReference; fileEncoding = 4; lastKnownFileType = sourcecode.c.h; path = "NSObject+Swizzle.h"; sourceTree = "<group>"; };
		CE95426E1B18B44D00153C27 /* NSObject+Swizzle.m */ = {isa = PBXFileReference; fileEncoding = 4; lastKnownFileType = sourcecode.c.objc; path = "NSObject+Swizzle.m"; sourceTree = "<group>"; };
		DCFDEC1D33375EB9363000B7 /* Pods.release.xcconfig */ = {isa = PBXFileReference; includeInIndex = 1; lastKnownFileType = text.xcconfig; name = Pods.release.xcconfig; path = "Pods/Target Support Files/Pods/Pods.release.xcconfig"; sourceTree = "<group>"; };
		FA826F341B10D3500082B943 /* RatingView.h */ = {isa = PBXFileReference; fileEncoding = 4; lastKnownFileType = sourcecode.c.h; path = RatingView.h; sourceTree = "<group>"; };
		FA826F351B10D3500082B943 /* RatingView.m */ = {isa = PBXFileReference; fileEncoding = 4; lastKnownFileType = sourcecode.c.objc; path = RatingView.m; sourceTree = "<group>"; };
		FA826F3B1B10F74E0082B943 /* UIColor+FVColors.h */ = {isa = PBXFileReference; fileEncoding = 4; lastKnownFileType = sourcecode.c.h; path = "UIColor+FVColors.h"; sourceTree = "<group>"; };
		FA826F3C1B10F74E0082B943 /* UIColor+FVColors.m */ = {isa = PBXFileReference; fileEncoding = 4; lastKnownFileType = sourcecode.c.objc; path = "UIColor+FVColors.m"; sourceTree = "<group>"; };
		FA826F3E1B10F8420082B943 /* UIFont+FVFonts.h */ = {isa = PBXFileReference; fileEncoding = 4; lastKnownFileType = sourcecode.c.h; path = "UIFont+FVFonts.h"; sourceTree = "<group>"; };
		FA826F3F1B10F8420082B943 /* UIFont+FVFonts.m */ = {isa = PBXFileReference; fileEncoding = 4; lastKnownFileType = sourcecode.c.objc; path = "UIFont+FVFonts.m"; sourceTree = "<group>"; };
		FA826F461B10F9B90082B943 /* UIView+FVStyles.h */ = {isa = PBXFileReference; fileEncoding = 4; lastKnownFileType = sourcecode.c.h; path = "UIView+FVStyles.h"; sourceTree = "<group>"; };
		FA826F471B10F9B90082B943 /* UIView+FVStyles.m */ = {isa = PBXFileReference; fileEncoding = 4; lastKnownFileType = sourcecode.c.objc; path = "UIView+FVStyles.m"; sourceTree = "<group>"; };
		FA826F4A1B10FAF40082B943 /* FVNavigationBar.h */ = {isa = PBXFileReference; fileEncoding = 4; lastKnownFileType = sourcecode.c.h; path = FVNavigationBar.h; sourceTree = "<group>"; };
		FA826F4B1B10FAF40082B943 /* FVNavigationBar.m */ = {isa = PBXFileReference; fileEncoding = 4; lastKnownFileType = sourcecode.c.objc; path = FVNavigationBar.m; sourceTree = "<group>"; };
		FAC950AE1B10666A00A89F9C /* FueledVenues.app */ = {isa = PBXFileReference; explicitFileType = wrapper.application; includeInIndex = 0; path = FueledVenues.app; sourceTree = BUILT_PRODUCTS_DIR; };
		FAC950B51B10666A00A89F9C /* AppDelegate.h */ = {isa = PBXFileReference; lastKnownFileType = sourcecode.c.h; path = AppDelegate.h; sourceTree = "<group>"; };
		FAC950B61B10666A00A89F9C /* AppDelegate.m */ = {isa = PBXFileReference; lastKnownFileType = sourcecode.c.objc; path = AppDelegate.m; sourceTree = "<group>"; };
		FAC950C71B10666A00A89F9C /* FueledVenuesTests.xctest */ = {isa = PBXFileReference; explicitFileType = wrapper.cfbundle; includeInIndex = 0; path = FueledVenuesTests.xctest; sourceTree = BUILT_PRODUCTS_DIR; };
		FAC950CC1B10666A00A89F9C /* Info.plist */ = {isa = PBXFileReference; lastKnownFileType = text.plist.xml; path = Info.plist; sourceTree = "<group>"; };
		FAC950CD1B10666A00A89F9C /* FueledVenuesTests.m */ = {isa = PBXFileReference; lastKnownFileType = sourcecode.c.objc; path = FueledVenuesTests.m; sourceTree = "<group>"; };
		FAC950E31B106BD700A89F9C /* Macroses.h */ = {isa = PBXFileReference; lastKnownFileType = sourcecode.c.h; path = Macroses.h; sourceTree = "<group>"; };
		FADA927D1B10701A0094BAA2 /* LaunchScreen.xib */ = {isa = PBXFileReference; fileEncoding = 4; lastKnownFileType = file.xib; path = LaunchScreen.xib; sourceTree = "<group>"; };
		FADA927E1B10701A0094BAA2 /* Main.storyboard */ = {isa = PBXFileReference; fileEncoding = 4; lastKnownFileType = file.storyboard; path = Main.storyboard; sourceTree = "<group>"; };
		FADA92831B1070300094BAA2 /* Info.plist */ = {isa = PBXFileReference; fileEncoding = 4; lastKnownFileType = text.plist.xml; path = Info.plist; sourceTree = "<group>"; };
		FADA92841B1070300094BAA2 /* main.m */ = {isa = PBXFileReference; fileEncoding = 4; lastKnownFileType = sourcecode.c.objc; path = main.m; sourceTree = "<group>"; };
		FADA92871B1070DA0094BAA2 /* CollectionPresenterProtocol.h */ = {isa = PBXFileReference; fileEncoding = 4; lastKnownFileType = sourcecode.c.h; path = CollectionPresenterProtocol.h; sourceTree = "<group>"; };
		FADA928C1B10727F0094BAA2 /* SectionItem.h */ = {isa = PBXFileReference; fileEncoding = 4; lastKnownFileType = sourcecode.c.h; path = SectionItem.h; sourceTree = "<group>"; };
		FADA928D1B10727F0094BAA2 /* SectionItem.m */ = {isa = PBXFileReference; fileEncoding = 4; lastKnownFileType = sourcecode.c.objc; path = SectionItem.m; sourceTree = "<group>"; };
		FADA928F1B1072880094BAA2 /* MutableSectionItem.h */ = {isa = PBXFileReference; fileEncoding = 4; lastKnownFileType = sourcecode.c.h; path = MutableSectionItem.h; sourceTree = "<group>"; };
		FADA92901B1072880094BAA2 /* MutableSectionItem.m */ = {isa = PBXFileReference; fileEncoding = 4; lastKnownFileType = sourcecode.c.objc; path = MutableSectionItem.m; sourceTree = "<group>"; };
		FADA92941B1073680094BAA2 /* CollectionProtocol.h */ = {isa = PBXFileReference; fileEncoding = 4; lastKnownFileType = sourcecode.c.h; path = CollectionProtocol.h; sourceTree = "<group>"; };
		FADA92951B10737E0094BAA2 /* MutableCollectionProtocol.h */ = {isa = PBXFileReference; fileEncoding = 4; lastKnownFileType = sourcecode.c.h; path = MutableCollectionProtocol.h; sourceTree = "<group>"; };
		FADA92961B1073C40094BAA2 /* NSArray+Collection.h */ = {isa = PBXFileReference; lastKnownFileType = sourcecode.c.h; path = "NSArray+Collection.h"; sourceTree = "<group>"; };
		FADA92971B1073F00094BAA2 /* NSMutableArray+MutableCollection.h */ = {isa = PBXFileReference; lastKnownFileType = sourcecode.c.h; path = "NSMutableArray+MutableCollection.h"; sourceTree = "<group>"; };
		FADA92981B10740E0094BAA2 /* SectionItemProtocol.h */ = {isa = PBXFileReference; fileEncoding = 4; lastKnownFileType = sourcecode.c.h; path = SectionItemProtocol.h; sourceTree = "<group>"; };
		FADA92991B1074B50094BAA2 /* HeaderFooterItemProtocol.h */ = {isa = PBXFileReference; fileEncoding = 4; lastKnownFileType = sourcecode.c.h; path = HeaderFooterItemProtocol.h; sourceTree = "<group>"; };
		FADA929A1B1075AB0094BAA2 /* SectionItem+Protected.h */ = {isa = PBXFileReference; fileEncoding = 4; lastKnownFileType = sourcecode.c.h; path = "SectionItem+Protected.h"; sourceTree = "<group>"; };
		FADA929B1B1075AB0094BAA2 /* SectionItem+Protected.m */ = {isa = PBXFileReference; fileEncoding = 4; lastKnownFileType = sourcecode.c.objc; path = "SectionItem+Protected.m"; sourceTree = "<group>"; };
		FADA929D1B1078080094BAA2 /* SectionsPresenter.h */ = {isa = PBXFileReference; fileEncoding = 4; lastKnownFileType = sourcecode.c.h; path = SectionsPresenter.h; sourceTree = "<group>"; };
		FADA929E1B1078080094BAA2 /* SectionsPresenter.m */ = {isa = PBXFileReference; fileEncoding = 4; lastKnownFileType = sourcecode.c.objc; path = SectionsPresenter.m; sourceTree = "<group>"; };
		FADA92A01B1078E50094BAA2 /* SectionsPresenter+Protected.h */ = {isa = PBXFileReference; fileEncoding = 4; lastKnownFileType = sourcecode.c.h; path = "SectionsPresenter+Protected.h"; sourceTree = "<group>"; };
		FADA92A11B1078E50094BAA2 /* SectionsPresenter+Protected.m */ = {isa = PBXFileReference; fileEncoding = 4; lastKnownFileType = sourcecode.c.objc; path = "SectionsPresenter+Protected.m"; sourceTree = "<group>"; };
		FADA92A31B107A170094BAA2 /* PresenterChange.h */ = {isa = PBXFileReference; fileEncoding = 4; lastKnownFileType = sourcecode.c.h; path = PresenterChange.h; sourceTree = "<group>"; };
		FADA92A91B107A170094BAA2 /* PresenterChangeItem.h */ = {isa = PBXFileReference; fileEncoding = 4; lastKnownFileType = sourcecode.c.h; path = PresenterChangeItem.h; sourceTree = "<group>"; };
		FADA92AA1B107A170094BAA2 /* PresenterChangeItem.m */ = {isa = PBXFileReference; fileEncoding = 4; lastKnownFileType = sourcecode.c.objc; path = PresenterChangeItem.m; sourceTree = "<group>"; };
		FADA92AB1B107A170094BAA2 /* PresenterChangeItemDelete.h */ = {isa = PBXFileReference; fileEncoding = 4; lastKnownFileType = sourcecode.c.h; path = PresenterChangeItemDelete.h; sourceTree = "<group>"; };
		FADA92AC1B107A170094BAA2 /* PresenterChangeItemDelete.m */ = {isa = PBXFileReference; fileEncoding = 4; lastKnownFileType = sourcecode.c.objc; path = PresenterChangeItemDelete.m; sourceTree = "<group>"; };
		FADA92AD1B107A170094BAA2 /* PresenterChangeItemInsert.h */ = {isa = PBXFileReference; fileEncoding = 4; lastKnownFileType = sourcecode.c.h; path = PresenterChangeItemInsert.h; sourceTree = "<group>"; };
		FADA92AE1B107A170094BAA2 /* PresenterChangeItemInsert.m */ = {isa = PBXFileReference; fileEncoding = 4; lastKnownFileType = sourcecode.c.objc; path = PresenterChangeItemInsert.m; sourceTree = "<group>"; };
		FADA92AF1B107A170094BAA2 /* PresenterChangeItemReload.h */ = {isa = PBXFileReference; fileEncoding = 4; lastKnownFileType = sourcecode.c.h; path = PresenterChangeItemReload.h; sourceTree = "<group>"; };
		FADA92B01B107A170094BAA2 /* PresenterChangeItemReload.m */ = {isa = PBXFileReference; fileEncoding = 4; lastKnownFileType = sourcecode.c.objc; path = PresenterChangeItemReload.m; sourceTree = "<group>"; };
		FADA92B31B107A170094BAA2 /* PresenterChangeSection.m */ = {isa = PBXFileReference; fileEncoding = 4; lastKnownFileType = sourcecode.c.objc; path = PresenterChangeSection.m; sourceTree = "<group>"; };
		FADA92B41B107A170094BAA2 /* PresenterChangeSectionDelete.h */ = {isa = PBXFileReference; fileEncoding = 4; lastKnownFileType = sourcecode.c.h; path = PresenterChangeSectionDelete.h; sourceTree = "<group>"; };
		FADA92B51B107A170094BAA2 /* PresenterChangeSectionDelete.m */ = {isa = PBXFileReference; fileEncoding = 4; lastKnownFileType = sourcecode.c.objc; path = PresenterChangeSectionDelete.m; sourceTree = "<group>"; };
		FADA92B61B107A170094BAA2 /* PresenterChangeSectionInsert.h */ = {isa = PBXFileReference; fileEncoding = 4; lastKnownFileType = sourcecode.c.h; path = PresenterChangeSectionInsert.h; sourceTree = "<group>"; };
		FADA92B71B107A170094BAA2 /* PresenterChangeSectionInsert.m */ = {isa = PBXFileReference; fileEncoding = 4; lastKnownFileType = sourcecode.c.objc; path = PresenterChangeSectionInsert.m; sourceTree = "<group>"; };
		FADA92B81B107A170094BAA2 /* PresenterChangeSectionReload.h */ = {isa = PBXFileReference; fileEncoding = 4; lastKnownFileType = sourcecode.c.h; path = PresenterChangeSectionReload.h; sourceTree = "<group>"; };
		FADA92B91B107A170094BAA2 /* PresenterChangeSectionReload.m */ = {isa = PBXFileReference; fileEncoding = 4; lastKnownFileType = sourcecode.c.objc; path = PresenterChangeSectionReload.m; sourceTree = "<group>"; };
		FADA92C41B107A9E0094BAA2 /* PresenterChangeSection.h */ = {isa = PBXFileReference; fileEncoding = 4; lastKnownFileType = sourcecode.c.h; path = PresenterChangeSection.h; sourceTree = "<group>"; };
		FADA92C51B107BE80094BAA2 /* PresenterChangeReload.h */ = {isa = PBXFileReference; fileEncoding = 4; lastKnownFileType = sourcecode.c.h; path = PresenterChangeReload.h; sourceTree = "<group>"; };
		FADA92C61B107BE80094BAA2 /* PresenterChangeReload.m */ = {isa = PBXFileReference; fileEncoding = 4; lastKnownFileType = sourcecode.c.objc; path = PresenterChangeReload.m; sourceTree = "<group>"; };
		FADA92C81B107CDA0094BAA2 /* MutableSectionsPresenter.h */ = {isa = PBXFileReference; fileEncoding = 4; lastKnownFileType = sourcecode.c.h; path = MutableSectionsPresenter.h; sourceTree = "<group>"; };
		FADA92C91B107CDA0094BAA2 /* MutableSectionsPresenter.m */ = {isa = PBXFileReference; fileEncoding = 4; lastKnownFileType = sourcecode.c.objc; path = MutableSectionsPresenter.m; sourceTree = "<group>"; };
		FADA92CB1B107FBD0094BAA2 /* TableViewController.h */ = {isa = PBXFileReference; fileEncoding = 4; lastKnownFileType = sourcecode.c.h; path = TableViewController.h; sourceTree = "<group>"; };
		FADA92CC1B107FBD0094BAA2 /* TableViewController.m */ = {isa = PBXFileReference; fileEncoding = 4; lastKnownFileType = sourcecode.c.objc; path = TableViewController.m; sourceTree = "<group>"; };
		FADA92CE1B107FFF0094BAA2 /* ReuseIdentifierMatcher.h */ = {isa = PBXFileReference; fileEncoding = 4; lastKnownFileType = sourcecode.c.h; path = ReuseIdentifierMatcher.h; sourceTree = "<group>"; };
		FADA92CF1B107FFF0094BAA2 /* ReuseIdentifierMatcher.m */ = {isa = PBXFileReference; fileEncoding = 4; lastKnownFileType = sourcecode.c.objc; path = ReuseIdentifierMatcher.m; sourceTree = "<group>"; };
		FADA92D11B1081110094BAA2 /* ViewItemProtocol.h */ = {isa = PBXFileReference; fileEncoding = 4; lastKnownFileType = sourcecode.c.h; path = ViewItemProtocol.h; sourceTree = "<group>"; };
		FADA92D41B1085480094BAA2 /* BaseEntity.h */ = {isa = PBXFileReference; fileEncoding = 4; lastKnownFileType = sourcecode.c.h; path = BaseEntity.h; sourceTree = "<group>"; };
		FADA92D51B1085480094BAA2 /* BaseEntity.m */ = {isa = PBXFileReference; fileEncoding = 4; lastKnownFileType = sourcecode.c.objc; path = BaseEntity.m; sourceTree = "<group>"; };
		FADA92D71B1085530094BAA2 /* Venue.h */ = {isa = PBXFileReference; fileEncoding = 4; lastKnownFileType = sourcecode.c.h; path = Venue.h; sourceTree = "<group>"; };
		FADA92D81B1085530094BAA2 /* Venue.m */ = {isa = PBXFileReference; fileEncoding = 4; lastKnownFileType = sourcecode.c.objc; path = Venue.m; sourceTree = "<group>"; };
		FADA92DB1B1089380094BAA2 /* VenuesListViewController.h */ = {isa = PBXFileReference; fileEncoding = 4; lastKnownFileType = sourcecode.c.h; path = VenuesListViewController.h; sourceTree = "<group>"; };
		FADA92DC1B1089380094BAA2 /* VenuesListViewController.m */ = {isa = PBXFileReference; fileEncoding = 4; lastKnownFileType = sourcecode.c.objc; path = VenuesListViewController.m; sourceTree = "<group>"; };
		FADA92DE1B1092070094BAA2 /* VenuesPresenter.h */ = {isa = PBXFileReference; fileEncoding = 4; lastKnownFileType = sourcecode.c.h; path = VenuesPresenter.h; sourceTree = "<group>"; };
		FADA92DF1B1092070094BAA2 /* VenuesPresenter.m */ = {isa = PBXFileReference; fileEncoding = 4; lastKnownFileType = sourcecode.c.objc; path = VenuesPresenter.m; sourceTree = "<group>"; };
		FADA92E11B10928E0094BAA2 /* VenueCell.h */ = {isa = PBXFileReference; fileEncoding = 4; lastKnownFileType = sourcecode.c.h; path = VenueCell.h; sourceTree = "<group>"; };
		FADA92E21B10928E0094BAA2 /* VenueCell.m */ = {isa = PBXFileReference; fileEncoding = 4; lastKnownFileType = sourcecode.c.objc; path = VenueCell.m; sourceTree = "<group>"; };
		FADA92E31B10928E0094BAA2 /* VenueCell.xib */ = {isa = PBXFileReference; fileEncoding = 4; lastKnownFileType = file.xib; path = VenueCell.xib; sourceTree = "<group>"; };
		FADA92E61B10953C0094BAA2 /* BaseEntity+Parsing.h */ = {isa = PBXFileReference; fileEncoding = 4; lastKnownFileType = sourcecode.c.h; path = "BaseEntity+Parsing.h"; sourceTree = "<group>"; };
		FADA92E71B10953C0094BAA2 /* BaseEntity+Parsing.m */ = {isa = PBXFileReference; fileEncoding = 4; lastKnownFileType = sourcecode.c.objc; path = "BaseEntity+Parsing.m"; sourceTree = "<group>"; };
		FADA92E91B10969E0094BAA2 /* Venue+Parsing.h */ = {isa = PBXFileReference; fileEncoding = 4; lastKnownFileType = sourcecode.c.h; path = "Venue+Parsing.h"; sourceTree = "<group>"; };
		FADA92EA1B10969E0094BAA2 /* Venue+Parsing.m */ = {isa = PBXFileReference; fileEncoding = 4; lastKnownFileType = sourcecode.c.objc; path = "Venue+Parsing.m"; sourceTree = "<group>"; };
		FADF411F1B11D07F0083AE96 /* UIStoryboard+Links.h */ = {isa = PBXFileReference; fileEncoding = 4; lastKnownFileType = sourcecode.c.h; path = "UIStoryboard+Links.h"; sourceTree = "<group>"; };
		FADF41201B11D07F0083AE96 /* UIStoryboard+Links.m */ = {isa = PBXFileReference; fileEncoding = 4; lastKnownFileType = sourcecode.c.objc; path = "UIStoryboard+Links.m"; sourceTree = "<group>"; };
		FADF412C1B11D77C0083AE96 /* PlaceholderTableView.h */ = {isa = PBXFileReference; fileEncoding = 4; lastKnownFileType = sourcecode.c.h; path = PlaceholderTableView.h; sourceTree = "<group>"; };
		FADF412D1B11D77C0083AE96 /* PlaceholderTableView.m */ = {isa = PBXFileReference; fileEncoding = 4; lastKnownFileType = sourcecode.c.objc; path = PlaceholderTableView.m; sourceTree = "<group>"; };
		FADF412F1B11E0BC0083AE96 /* Localizable.strings */ = {isa = PBXFileReference; fileEncoding = 4; lastKnownFileType = text.plist.strings; path = Localizable.strings; sourceTree = "<group>"; };
		FADF41311B11E28A0083AE96 /* TitleLabel.h */ = {isa = PBXFileReference; fileEncoding = 4; lastKnownFileType = sourcecode.c.h; path = TitleLabel.h; sourceTree = "<group>"; };
		FADF41321B11E28A0083AE96 /* TitleLabel.m */ = {isa = PBXFileReference; fileEncoding = 4; lastKnownFileType = sourcecode.c.objc; path = TitleLabel.m; sourceTree = "<group>"; };
		FADF41351B11E4500083AE96 /* BaseTableViewCell.h */ = {isa = PBXFileReference; fileEncoding = 4; lastKnownFileType = sourcecode.c.h; path = BaseTableViewCell.h; sourceTree = "<group>"; };
		FADF41361B11E4500083AE96 /* BaseTableViewCell.m */ = {isa = PBXFileReference; fileEncoding = 4; lastKnownFileType = sourcecode.c.objc; path = BaseTableViewCell.m; sourceTree = "<group>"; };
		FADF41381B11E6C20083AE96 /* TextLabel.h */ = {isa = PBXFileReference; fileEncoding = 4; lastKnownFileType = sourcecode.c.h; path = TextLabel.h; sourceTree = "<group>"; };
		FADF41391B11E6C20083AE96 /* TextLabel.m */ = {isa = PBXFileReference; fileEncoding = 4; lastKnownFileType = sourcecode.c.objc; path = TextLabel.m; sourceTree = "<group>"; };
		FADF413C1B11F6010083AE96 /* RatingStarView.h */ = {isa = PBXFileReference; fileEncoding = 4; lastKnownFileType = sourcecode.c.h; path = RatingStarView.h; sourceTree = "<group>"; };
		FADF413D1B11F6010083AE96 /* RatingStarView.m */ = {isa = PBXFileReference; fileEncoding = 4; lastKnownFileType = sourcecode.c.objc; path = RatingStarView.m; sourceTree = "<group>"; };
		FADF41441B11FF510083AE96 /* VenueDetailsViewController.h */ = {isa = PBXFileReference; fileEncoding = 4; lastKnownFileType = sourcecode.c.h; path = VenueDetailsViewController.h; sourceTree = "<group>"; };
		FADF41451B11FF510083AE96 /* VenueDetailsViewController.m */ = {isa = PBXFileReference; fileEncoding = 4; lastKnownFileType = sourcecode.c.objc; path = VenueDetailsViewController.m; sourceTree = "<group>"; };
		FADF41471B11FFB80083AE96 /* VenueDetailsPresenter.h */ = {isa = PBXFileReference; fileEncoding = 4; lastKnownFileType = sourcecode.c.h; path = VenueDetailsPresenter.h; sourceTree = "<group>"; };
		FADF41481B11FFB80083AE96 /* VenueDetailsPresenter.m */ = {isa = PBXFileReference; fileEncoding = 4; lastKnownFileType = sourcecode.c.objc; path = VenueDetailsPresenter.m; sourceTree = "<group>"; };
		FADF414A1B12519E0083AE96 /* VenueButtonsCell.h */ = {isa = PBXFileReference; fileEncoding = 4; lastKnownFileType = sourcecode.c.h; path = VenueButtonsCell.h; sourceTree = "<group>"; };
		FADF414B1B12519E0083AE96 /* VenueButtonsCell.m */ = {isa = PBXFileReference; fileEncoding = 4; lastKnownFileType = sourcecode.c.objc; path = VenueButtonsCell.m; sourceTree = "<group>"; };
		FADF414C1B12519E0083AE96 /* VenueButtonsCell.xib */ = {isa = PBXFileReference; fileEncoding = 4; lastKnownFileType = file.xib; path = VenueButtonsCell.xib; sourceTree = "<group>"; };
		FADF414F1B1253A30083AE96 /* VenueAddressCell.h */ = {isa = PBXFileReference; fileEncoding = 4; lastKnownFileType = sourcecode.c.h; path = VenueAddressCell.h; sourceTree = "<group>"; };
		FADF41501B1253A30083AE96 /* VenueAddressCell.m */ = {isa = PBXFileReference; fileEncoding = 4; lastKnownFileType = sourcecode.c.objc; path = VenueAddressCell.m; sourceTree = "<group>"; };
		FADF41551B125BC00083AE96 /* NSArray+Map.h */ = {isa = PBXFileReference; fileEncoding = 4; lastKnownFileType = sourcecode.c.h; path = "NSArray+Map.h"; sourceTree = "<group>"; };
		FADF41561B125BC00083AE96 /* NSArray+Map.m */ = {isa = PBXFileReference; fileEncoding = 4; lastKnownFileType = sourcecode.c.objc; path = "NSArray+Map.m"; sourceTree = "<group>"; };
/* End PBXFileReference section */

/* Begin PBXFrameworksBuildPhase section */
		FAC950AB1B10666A00A89F9C /* Frameworks */ = {
			isa = PBXFrameworksBuildPhase;
			buildActionMask = 2147483647;
			files = (
				CE04B40F1B18F1EE00C5ECD0 /* MapKit.framework in Frameworks */,
				CB114FA02124C90E2E1EC1DC /* libPods.a in Frameworks */,
			);
			runOnlyForDeploymentPostprocessing = 0;
		};
		FAC950C41B10666A00A89F9C /* Frameworks */ = {
			isa = PBXFrameworksBuildPhase;
			buildActionMask = 2147483647;
			files = (
			);
			runOnlyForDeploymentPostprocessing = 0;
		};
/* End PBXFrameworksBuildPhase section */

/* Begin PBXGroup section */
		309F40F44E4F54BA9AC8EE23 /* Pods */ = {
			isa = PBXGroup;
			children = (
				AAC432F46997FABFFF9157CA /* Pods.debug.xcconfig */,
				DCFDEC1D33375EB9363000B7 /* Pods.release.xcconfig */,
			);
			name = Pods;
			sourceTree = "<group>";
		};
		33D14F6009D6C58B16852CE1 /* Frameworks */ = {
			isa = PBXGroup;
			children = (
				CE04B40E1B18F1EE00C5ECD0 /* MapKit.framework */,
				4DC345F8B1DDD5F1CC155D26 /* libPods.a */,
			);
			name = Frameworks;
			sourceTree = "<group>";
		};
		CE04B4061B18E94200C5ECD0 /* VenueMap */ = {
			isa = PBXGroup;
			children = (
				CE04B4071B18E94200C5ECD0 /* VenueMapViewController.h */,
				CE04B4081B18E94200C5ECD0 /* VenueMapViewController.m */,
			);
			path = VenueMap;
			sourceTree = "<group>";
		};
		CE04B40A1B18E95600C5ECD0 /* ViewController */ = {
			isa = PBXGroup;
			children = (
				CE04B40B1B18E96100C5ECD0 /* ViewController.h */,
				CE04B40C1B18E96100C5ECD0 /* ViewController.m */,
			);
			name = ViewController;
			sourceTree = "<group>";
		};
		CE130B701B14D48200601160 /* Services */ = {
			isa = PBXGroup;
			children = (
				CE3053B91B15EEB20063ED98 /* VenuesService */,
			);
			name = Services;
			sourceTree = "<group>";
		};
		CE2CE0971B1356D700119639 /* Entity */ = {
			isa = PBXGroup;
			children = (
				FADA92D41B1085480094BAA2 /* BaseEntity.h */,
				FADA92D51B1085480094BAA2 /* BaseEntity.m */,
				FADA92D71B1085530094BAA2 /* Venue.h */,
				FADA92D81B1085530094BAA2 /* Venue.m */,
				CE2CE0A61B139A2900119639 /* Photo.h */,
				CE2CE0A71B139A2900119639 /* Photo.m */,
				CE3844B21B17656400261D08 /* Review.h */,
				CE3844B31B17656400261D08 /* Review.m */,
				CE3844B91B1768BD00261D08 /* User.h */,
				CE3844BA1B1768BD00261D08 /* User.m */,
			);
			name = Entity;
			sourceTree = "<group>";
		};
		CE2CE0981B1356DE00119639 /* Parsing */ = {
			isa = PBXGroup;
			children = (
				FADA92E61B10953C0094BAA2 /* BaseEntity+Parsing.h */,
				FADA92E71B10953C0094BAA2 /* BaseEntity+Parsing.m */,
				FADA92E91B10969E0094BAA2 /* Venue+Parsing.h */,
				FADA92EA1B10969E0094BAA2 /* Venue+Parsing.m */,
				CE2CE0A91B139AC700119639 /* Photo+Parsing.h */,
				CE2CE0AA1B139AC700119639 /* Photo+Parsing.m */,
				CE3844B51B17669500261D08 /* Review+Parsing.h */,
				CE3844B61B17669500261D08 /* Review+Parsing.m */,
				CE3844BC1B1769A100261D08 /* User+Parsing.h */,
				CE3844BD1B1769A100261D08 /* User+Parsing.m */,
			);
			name = Parsing;
			sourceTree = "<group>";
		};
		CE2CE0991B138F7800119639 /* NSDictionary */ = {
			isa = PBXGroup;
			children = (
				CE2CE09A1B138F9800119639 /* NSDictionary+SafeParsing.h */,
				CE2CE09B1B138F9800119639 /* NSDictionary+SafeParsing.m */,
			);
			name = NSDictionary;
			sourceTree = "<group>";
		};
		CE2CE09D1B1394CF00119639 /* NSObject */ = {
			isa = PBXGroup;
			children = (
				CE2CE09E1B1394E700119639 /* NSObject+SafeParsing.h */,
				CE2CE09F1B1394E700119639 /* NSObject+SafeParsing.m */,
				CE95426D1B18B44D00153C27 /* NSObject+Swizzle.h */,
				CE95426E1B18B44D00153C27 /* NSObject+Swizzle.m */,
			);
			name = NSObject;
			sourceTree = "<group>";
		};
		CE2CE0A51B1397AA00119639 /* NSMutableArray */ = {
			isa = PBXGroup;
			children = (
				CE2CE0A21B13976B00119639 /* NSMutableArray+Secure.h */,
				CE2CE0A31B13976B00119639 /* NSMutableArray+Secure.m */,
			);
			name = NSMutableArray;
			sourceTree = "<group>";
		};
		CE2CE0AC1B139CFC00119639 /* Controller */ = {
			isa = PBXGroup;
			children = (
				FADA92DB1B1089380094BAA2 /* VenuesListViewController.h */,
				FADA92DC1B1089380094BAA2 /* VenuesListViewController.m */,
			);
			name = Controller;
			sourceTree = "<group>";
		};
		CE2CE0AD1B139D0300119639 /* Presenter */ = {
			isa = PBXGroup;
			children = (
				FADA92DE1B1092070094BAA2 /* VenuesPresenter.h */,
				FADA92DF1B1092070094BAA2 /* VenuesPresenter.m */,
			);
			name = Presenter;
			sourceTree = "<group>";
		};
		CE2CE0AE1B139D0800119639 /* Cell */ = {
			isa = PBXGroup;
			children = (
				FADA92E11B10928E0094BAA2 /* VenueCell.h */,
				FADA92E21B10928E0094BAA2 /* VenueCell.m */,
				FADA92E31B10928E0094BAA2 /* VenueCell.xib */,
			);
			name = Cell;
			sourceTree = "<group>";
		};
		CE2CE0B31B139E1300119639 /* Controller */ = {
			isa = PBXGroup;
			children = (
				FADF41441B11FF510083AE96 /* VenueDetailsViewController.h */,
				FADF41451B11FF510083AE96 /* VenueDetailsViewController.m */,
			);
			name = Controller;
			sourceTree = "<group>";
		};
		CE2CE0B41B139E1C00119639 /* Presenter */ = {
			isa = PBXGroup;
			children = (
				FADF41471B11FFB80083AE96 /* VenueDetailsPresenter.h */,
				FADF41481B11FFB80083AE96 /* VenueDetailsPresenter.m */,
			);
			name = Presenter;
			sourceTree = "<group>";
		};
		CE2CE0B51B139E2300119639 /* Item */ = {
			isa = PBXGroup;
			children = (
				CE2CE0B71B139EE800119639 /* VenueContactItem */,
			);
			name = Item;
			sourceTree = "<group>";
		};
		CE2CE0B61B139E2800119639 /* Cell */ = {
			isa = PBXGroup;
			children = (
				FADF414A1B12519E0083AE96 /* VenueButtonsCell.h */,
				FADF414B1B12519E0083AE96 /* VenueButtonsCell.m */,
				FADF414C1B12519E0083AE96 /* VenueButtonsCell.xib */,
				FADF414F1B1253A30083AE96 /* VenueAddressCell.h */,
				FADF41501B1253A30083AE96 /* VenueAddressCell.m */,
				CE04B4171B19048300C5ECD0 /* VenueAddressCell.xib */,
			);
			name = Cell;
			sourceTree = "<group>";
		};
		CE2CE0B71B139EE800119639 /* VenueContactItem */ = {
			isa = PBXGroup;
			children = (
				CE2CE0B81B139EFC00119639 /* VenueContactItem.h */,
				CE2CE0B91B139EFC00119639 /* VenueContactItem.m */,
			);
			name = VenueContactItem;
			sourceTree = "<group>";
		};
		CE3053A21B15E9100063ED98 /* VenuesDataClient */ = {
			isa = PBXGroup;
			children = (
				CE3053A31B15E9350063ED98 /* VenuesDataClient.h */,
				CE3053A41B15E9350063ED98 /* VenuesDataClient.m */,
			);
			name = VenuesDataClient;
			sourceTree = "<group>";
		};
		CE3053A61B15EBEC0063ED98 /* VenuesCacheClient */ = {
			isa = PBXGroup;
			children = (
				CE3053A71B15EBFD0063ED98 /* VenuesCacheClient.h */,
				CE3053A81B15EBFD0063ED98 /* VenuesCacheClient.m */,
			);
			name = VenuesCacheClient;
			sourceTree = "<group>";
		};
		CE3053B11B15ECCF0063ED98 /* InternetTransport */ = {
			isa = PBXGroup;
			children = (
				CE130B5E1B14CB7500601160 /* APIService.h */,
				CE130B5F1B14CB7500601160 /* APIService.m */,
			);
			name = InternetTransport;
			sourceTree = "<group>";
		};
		CE3053B91B15EEB20063ED98 /* VenuesService */ = {
			isa = PBXGroup;
			children = (
				CE3053B31B15EE070063ED98 /* VenuesService.h */,
				CE3053B41B15EE070063ED98 /* VenuesService.m */,
				CE3053A21B15E9100063ED98 /* VenuesDataClient */,
				CE3053A61B15EBEC0063ED98 /* VenuesCacheClient */,
			);
			name = VenuesService;
			sourceTree = "<group>";
		};
		CE3053BA1B15EEC40063ED98 /* Transport */ = {
			isa = PBXGroup;
			children = (
				CE3053B11B15ECCF0063ED98 /* InternetTransport */,
				CE4406FD1B15F445000464D3 /* CacheTransport */,
			);
			name = Transport;
			sourceTree = "<group>";
		};
		CE3099621B14A22F00678C6F /* NSDateFormatter */ = {
			isa = PBXGroup;
			children = (
				CE3099631B14A24C00678C6F /* NSDateFormatter+Singleton.h */,
				CE3099641B14A24C00678C6F /* NSDateFormatter+Singleton.m */,
			);
			name = NSDateFormatter;
			sourceTree = "<group>";
		};
		CE38449F1B17607C00261D08 /* VenueReviews */ = {
			isa = PBXGroup;
			children = (
				CE3844AB1B1761E700261D08 /* Controller */,
				CE3844AC1B1761EC00261D08 /* Presenter */,
				CE3844AD1B1761F900261D08 /* Cell */,
			);
			path = VenueReviews;
			sourceTree = "<group>";
		};
		CE3844AB1B1761E700261D08 /* Controller */ = {
			isa = PBXGroup;
			children = (
				CE3844A51B1761CA00261D08 /* ReviewsTableViewController.h */,
				CE3844A61B1761CA00261D08 /* ReviewsTableViewController.m */,
				CE04B3FF1B18D1E100C5ECD0 /* ReviewCreateViewController.h */,
				CE04B4001B18D1E100C5ECD0 /* ReviewCreateViewController.m */,
			);
			name = Controller;
			sourceTree = "<group>";
		};
		CE3844AC1B1761EC00261D08 /* Presenter */ = {
			isa = PBXGroup;
			children = (
				CE3844A81B1761E200261D08 /* ReviewsViewPresenter.h */,
				CE3844A91B1761E200261D08 /* ReviewsViewPresenter.m */,
			);
			name = Presenter;
			sourceTree = "<group>";
		};
		CE3844AD1B1761F900261D08 /* Cell */ = {
			isa = PBXGroup;
			children = (
				CE3844A01B17607C00261D08 /* ReviewTableViewCell.h */,
				CE3844A11B17607C00261D08 /* ReviewTableViewCell.m */,
				CE3844A21B17607C00261D08 /* ReviewTableViewCell.xib */,
			);
			name = Cell;
			sourceTree = "<group>";
		};
		CE3844AE1B17644200261D08 /* BackgroundVIew */ = {
			isa = PBXGroup;
			children = (
				CE3844AF1B17646C00261D08 /* BackgroundView.h */,
				CE3844B01B17646C00261D08 /* BackgroundView.m */,
			);
			name = BackgroundVIew;
			sourceTree = "<group>";
		};
		CE4406FD1B15F445000464D3 /* CacheTransport */ = {
			isa = PBXGroup;
			children = (
				CE4407001B15F445000464D3 /* CacheClient.h */,
				CE4407011B15F445000464D3 /* CacheClient.m */,
				CE4407021B15F445000464D3 /* FueledVenues.xcdatamodeld */,
				CE44070A1B15F457000464D3 /* CacheEntities */,
			);
			name = CacheTransport;
			path = Cache;
			sourceTree = "<group>";
		};
		CE44070A1B15F457000464D3 /* CacheEntities */ = {
			isa = PBXGroup;
			children = (
				CE44070B1B15F48E000464D3 /* BaseCacheEntity.h */,
				CE44070C1B15F48E000464D3 /* BaseCacheEntity.m */,
				CE4407271B1604AE000464D3 /* VenueCache.h */,
				CE4407281B1604AE000464D3 /* VenueCache.m */,
				CE44072A1B1604AF000464D3 /* PhotoCache.h */,
				CE44072B1B1604AF000464D3 /* PhotoCache.m */,
				CE3844C21B1779A400261D08 /* ReviewCache.h */,
				CE3844C31B1779A400261D08 /* ReviewCache.m */,
				CE3844BF1B1779A300261D08 /* UserCache.h */,
				CE3844C01B1779A300261D08 /* UserCache.m */,
			);
			name = CacheEntities;
			sourceTree = "<group>";
		};
		CE4407111B15F5EE000464D3 /* CacheParsing */ = {
			isa = PBXGroup;
			children = (
				CE4407151B15F6EB000464D3 /* BaseEntity+CacheParsing.h */,
				CE4407161B15F6EB000464D3 /* BaseEntity+CacheParsing.m */,
				CE4407121B15F62E000464D3 /* Venue+CacheParsing.h */,
				CE4407131B15F62E000464D3 /* Venue+CacheParsing.m */,
				CE44071E1B160360000464D3 /* Photo+CacheParsing.h */,
				CE44071F1B160360000464D3 /* Photo+CacheParsing.m */,
				CE3844C51B177A3D00261D08 /* Review+CacheParsing.h */,
				CE3844C61B177A3D00261D08 /* Review+CacheParsing.m */,
				CE3844C81B177B0D00261D08 /* User+CacheParsing.h */,
				CE3844C91B177B0D00261D08 /* User+CacheParsing.m */,
			);
			name = CacheParsing;
			sourceTree = "<group>";
		};
		CE4407371B162621000464D3 /* NavigationController */ = {
			isa = PBXGroup;
			children = (
				CE4407381B162638000464D3 /* NavigationController.h */,
				CE4407391B162638000464D3 /* NavigationController.m */,
			);
			name = NavigationController;
			sourceTree = "<group>";
		};
		FA826F331B10D3350082B943 /* Controls */ = {
			isa = PBXGroup;
			children = (
				FADF413B1B11F5EA0083AE96 /* RatingStarView */,
				FADF41231B11D1A90083AE96 /* PlaceholderTableView */,
				FA826F371B10E6B70082B943 /* RatingView */,
			);
			path = Controls;
			sourceTree = "<group>";
		};
		FA826F371B10E6B70082B943 /* RatingView */ = {
			isa = PBXGroup;
			children = (
				FA826F341B10D3500082B943 /* RatingView.h */,
				FA826F351B10D3500082B943 /* RatingView.m */,
			);
			name = RatingView;
			sourceTree = "<group>";
		};
		FA826F381B10F7250082B943 /* Styles */ = {
			isa = PBXGroup;
			children = (
				FA826F3A1B10F7330082B943 /* Fonts */,
				FA826F391B10F72D0082B943 /* Colors */,
				FA826F451B10F9A70082B943 /* Views */,
			);
			path = Styles;
			sourceTree = "<group>";
		};
		FA826F391B10F72D0082B943 /* Colors */ = {
			isa = PBXGroup;
			children = (
				FA826F3B1B10F74E0082B943 /* UIColor+FVColors.h */,
				FA826F3C1B10F74E0082B943 /* UIColor+FVColors.m */,
			);
			name = Colors;
			sourceTree = "<group>";
		};
		FA826F3A1B10F7330082B943 /* Fonts */ = {
			isa = PBXGroup;
			children = (
				FA826F3E1B10F8420082B943 /* UIFont+FVFonts.h */,
				FA826F3F1B10F8420082B943 /* UIFont+FVFonts.m */,
			);
			name = Fonts;
			sourceTree = "<group>";
		};
		FA826F441B10F9300082B943 /* Labels */ = {
			isa = PBXGroup;
			children = (
				FADF41311B11E28A0083AE96 /* TitleLabel.h */,
				FADF41321B11E28A0083AE96 /* TitleLabel.m */,
				FADF41381B11E6C20083AE96 /* TextLabel.h */,
				FADF41391B11E6C20083AE96 /* TextLabel.m */,
			);
			name = Labels;
			sourceTree = "<group>";
		};
		FA826F451B10F9A70082B943 /* Views */ = {
			isa = PBXGroup;
			children = (
				FA826F461B10F9B90082B943 /* UIView+FVStyles.h */,
				FA826F471B10F9B90082B943 /* UIView+FVStyles.m */,
				CE3844AE1B17644200261D08 /* BackgroundVIew */,
				FA826F491B10FAD70082B943 /* NavigationBar */,
				FA826F441B10F9300082B943 /* Labels */,
			);
			name = Views;
			sourceTree = "<group>";
		};
		FA826F491B10FAD70082B943 /* NavigationBar */ = {
			isa = PBXGroup;
			children = (
				FA826F4A1B10FAF40082B943 /* FVNavigationBar.h */,
				FA826F4B1B10FAF40082B943 /* FVNavigationBar.m */,
			);
			name = NavigationBar;
			sourceTree = "<group>";
		};
		FAC950A51B10666A00A89F9C = {
			isa = PBXGroup;
			children = (
				FAC950B01B10666A00A89F9C /* FueledVenues */,
				FAC950CA1B10666A00A89F9C /* FueledVenuesTests */,
				FAC950AF1B10666A00A89F9C /* Products */,
				309F40F44E4F54BA9AC8EE23 /* Pods */,
				33D14F6009D6C58B16852CE1 /* Frameworks */,
			);
			sourceTree = "<group>";
		};
		FAC950AF1B10666A00A89F9C /* Products */ = {
			isa = PBXGroup;
			children = (
				FAC950AE1B10666A00A89F9C /* FueledVenues.app */,
				FAC950C71B10666A00A89F9C /* FueledVenuesTests.xctest */,
			);
			name = Products;
			sourceTree = "<group>";
		};
		FAC950B01B10666A00A89F9C /* FueledVenues */ = {
			isa = PBXGroup;
			children = (
				FAC950B51B10666A00A89F9C /* AppDelegate.h */,
				FAC950B61B10666A00A89F9C /* AppDelegate.m */,
				FADA92D31B1083790094BAA2 /* Model */,
				FADF41181B11C1050083AE96 /* DataProvider */,
				FA826F331B10D3350082B943 /* Controls */,
				FAC950D91B10676900A89F9C /* Modules */,
				FAC950E41B106ED200A89F9C /* Core */,
				FADF411E1B11D06D0083AE96 /* Categories */,
				FAC950E21B106BC600A89F9C /* Common */,
				FA826F381B10F7250082B943 /* Styles */,
				FAC950E81B106F2100A89F9C /* Resources */,
				FADA92821B1070300094BAA2 /* SupportingFiles */,
			);
			path = FueledVenues;
			sourceTree = "<group>";
		};
		FAC950CA1B10666A00A89F9C /* FueledVenuesTests */ = {
			isa = PBXGroup;
			children = (
				FAC950CD1B10666A00A89F9C /* FueledVenuesTests.m */,
				FAC950CB1B10666A00A89F9C /* Supporting Files */,
			);
			path = FueledVenuesTests;
			sourceTree = "<group>";
		};
		FAC950CB1B10666A00A89F9C /* Supporting Files */ = {
			isa = PBXGroup;
			children = (
				FAC950CC1B10666A00A89F9C /* Info.plist */,
			);
			name = "Supporting Files";
			sourceTree = "<group>";
		};
		FAC950D91B10676900A89F9C /* Modules */ = {
			isa = PBXGroup;
			children = (
				CE04B4061B18E94200C5ECD0 /* VenueMap */,
				FADA92DA1B1089240094BAA2 /* VenuesList */,
				FADF41431B11FF510083AE96 /* VenueDetails */,
				CE38449F1B17607C00261D08 /* VenueReviews */,
			);
			path = Modules;
			sourceTree = "<group>";
		};
		FAC950E21B106BC600A89F9C /* Common */ = {
			isa = PBXGroup;
			children = (
				FAC950E31B106BD700A89F9C /* Macroses.h */,
				CE4406F61B15F12A000464D3 /* Constants.h */,
			);
			path = Common;
			sourceTree = "<group>";
		};
		FAC950E41B106ED200A89F9C /* Core */ = {
			isa = PBXGroup;
			children = (
				FADA928B1B1072760094BAA2 /* Item */,
				FAC950E51B106ED200A89F9C /* Additions */,
				FAC950E61B106ED200A89F9C /* Presenter */,
				FAC950E71B106ED200A89F9C /* View */,
			);
			path = Core;
			sourceTree = "<group>";
		};
		FAC950E51B106ED200A89F9C /* Additions */ = {
			isa = PBXGroup;
			children = (
				FADA92921B1073550094BAA2 /* Changes */,
				FADA92931B1073550094BAA2 /* Collections */,
				FADA92CE1B107FFF0094BAA2 /* ReuseIdentifierMatcher.h */,
				FADA92CF1B107FFF0094BAA2 /* ReuseIdentifierMatcher.m */,
			);
			path = Additions;
			sourceTree = "<group>";
		};
		FAC950E61B106ED200A89F9C /* Presenter */ = {
			isa = PBXGroup;
			children = (
				FADA92871B1070DA0094BAA2 /* CollectionPresenterProtocol.h */,
				FADA929D1B1078080094BAA2 /* SectionsPresenter.h */,
				FADA929E1B1078080094BAA2 /* SectionsPresenter.m */,
				FADA92A01B1078E50094BAA2 /* SectionsPresenter+Protected.h */,
				FADA92A11B1078E50094BAA2 /* SectionsPresenter+Protected.m */,
				FADA92C81B107CDA0094BAA2 /* MutableSectionsPresenter.h */,
				FADA92C91B107CDA0094BAA2 /* MutableSectionsPresenter.m */,
			);
			path = Presenter;
			sourceTree = "<group>";
		};
		FAC950E71B106ED200A89F9C /* View */ = {
			isa = PBXGroup;
			children = (
				CE04B40A1B18E95600C5ECD0 /* ViewController */,
				CE4407371B162621000464D3 /* NavigationController */,
				FADF41341B11E4400083AE96 /* TableViewCell */,
				FADF41241B11D1B30083AE96 /* TableViewController */,
				FADA92D11B1081110094BAA2 /* ViewItemProtocol.h */,
			);
			path = View;
			sourceTree = "<group>";
		};
		FAC950E81B106F2100A89F9C /* Resources */ = {
			isa = PBXGroup;
			children = (
				FADF412F1B11E0BC0083AE96 /* Localizable.strings */,
				CE04B41C1B19106500C5ECD0 /* Images.xcassets */,
				FADA927D1B10701A0094BAA2 /* LaunchScreen.xib */,
				FADA927E1B10701A0094BAA2 /* Main.storyboard */,
			);
			path = Resources;
			sourceTree = "<group>";
		};
		FADA92821B1070300094BAA2 /* SupportingFiles */ = {
			isa = PBXGroup;
			children = (
				FADA92831B1070300094BAA2 /* Info.plist */,
				FADA92841B1070300094BAA2 /* main.m */,
			);
			path = SupportingFiles;
			sourceTree = "<group>";
		};
		FADA928B1B1072760094BAA2 /* Item */ = {
			isa = PBXGroup;
			children = (
				CE4407311B1611F5000464D3 /* BaseItem_Protected.h */,
				CE44072D1B160B81000464D3 /* BaseItem.h */,
				CE44072E1B160B81000464D3 /* BaseItem.m */,
				FADA92991B1074B50094BAA2 /* HeaderFooterItemProtocol.h */,
				FADA92981B10740E0094BAA2 /* SectionItemProtocol.h */,
				FADA928C1B10727F0094BAA2 /* SectionItem.h */,
				FADA928D1B10727F0094BAA2 /* SectionItem.m */,
				FADA929A1B1075AB0094BAA2 /* SectionItem+Protected.h */,
				FADA929B1B1075AB0094BAA2 /* SectionItem+Protected.m */,
				FADA928F1B1072880094BAA2 /* MutableSectionItem.h */,
				FADA92901B1072880094BAA2 /* MutableSectionItem.m */,
			);
			path = Item;
			sourceTree = "<group>";
		};
		FADA92921B1073550094BAA2 /* Changes */ = {
			isa = PBXGroup;
			children = (
				FADA92A31B107A170094BAA2 /* PresenterChange.h */,
				FADA92C51B107BE80094BAA2 /* PresenterChangeReload.h */,
				FADA92C61B107BE80094BAA2 /* PresenterChangeReload.m */,
				FADA92A81B107A170094BAA2 /* ItemChanges */,
				FADA92B11B107A170094BAA2 /* SectionChanges */,
			);
			path = Changes;
			sourceTree = "<group>";
		};
		FADA92931B1073550094BAA2 /* Collections */ = {
			isa = PBXGroup;
			children = (
				FADA92941B1073680094BAA2 /* CollectionProtocol.h */,
				FADA92951B10737E0094BAA2 /* MutableCollectionProtocol.h */,
				FADA92961B1073C40094BAA2 /* NSArray+Collection.h */,
				FADA92971B1073F00094BAA2 /* NSMutableArray+MutableCollection.h */,
			);
			path = Collections;
			sourceTree = "<group>";
		};
		FADA92A81B107A170094BAA2 /* ItemChanges */ = {
			isa = PBXGroup;
			children = (
				FADA92A91B107A170094BAA2 /* PresenterChangeItem.h */,
				FADA92AA1B107A170094BAA2 /* PresenterChangeItem.m */,
				FADA92AB1B107A170094BAA2 /* PresenterChangeItemDelete.h */,
				FADA92AC1B107A170094BAA2 /* PresenterChangeItemDelete.m */,
				FADA92AD1B107A170094BAA2 /* PresenterChangeItemInsert.h */,
				FADA92AE1B107A170094BAA2 /* PresenterChangeItemInsert.m */,
				FADA92AF1B107A170094BAA2 /* PresenterChangeItemReload.h */,
				FADA92B01B107A170094BAA2 /* PresenterChangeItemReload.m */,
			);
			path = ItemChanges;
			sourceTree = "<group>";
		};
		FADA92B11B107A170094BAA2 /* SectionChanges */ = {
			isa = PBXGroup;
			children = (
				FADA92C41B107A9E0094BAA2 /* PresenterChangeSection.h */,
				FADA92B31B107A170094BAA2 /* PresenterChangeSection.m */,
				FADA92B41B107A170094BAA2 /* PresenterChangeSectionDelete.h */,
				FADA92B51B107A170094BAA2 /* PresenterChangeSectionDelete.m */,
				FADA92B61B107A170094BAA2 /* PresenterChangeSectionInsert.h */,
				FADA92B71B107A170094BAA2 /* PresenterChangeSectionInsert.m */,
				FADA92B81B107A170094BAA2 /* PresenterChangeSectionReload.h */,
				FADA92B91B107A170094BAA2 /* PresenterChangeSectionReload.m */,
			);
			path = SectionChanges;
			sourceTree = "<group>";
		};
		FADA92D31B1083790094BAA2 /* Model */ = {
			isa = PBXGroup;
			children = (
				CE2CE0971B1356D700119639 /* Entity */,
				CE2CE0981B1356DE00119639 /* Parsing */,
				CE4407111B15F5EE000464D3 /* CacheParsing */,
			);
			path = Model;
			sourceTree = "<group>";
		};
		FADA92DA1B1089240094BAA2 /* VenuesList */ = {
			isa = PBXGroup;
			children = (
				CE2CE0AC1B139CFC00119639 /* Controller */,
				CE2CE0AD1B139D0300119639 /* Presenter */,
				CE2CE0AE1B139D0800119639 /* Cell */,
			);
			path = VenuesList;
			sourceTree = "<group>";
		};
		FADF41181B11C1050083AE96 /* DataProvider */ = {
			isa = PBXGroup;
			children = (
				CE3053B61B15EE980063ED98 /* ServiceLayer.h */,
				CE3053B71B15EE980063ED98 /* ServiceLayer.m */,
				CE130B701B14D48200601160 /* Services */,
				CE3053BA1B15EEC40063ED98 /* Transport */,
			);
			name = DataProvider;
			path = Services;
			sourceTree = "<group>";
		};
		FADF411E1B11D06D0083AE96 /* Categories */ = {
			isa = PBXGroup;
			children = (
				CE3099621B14A22F00678C6F /* NSDateFormatter */,
				CE2CE09D1B1394CF00119639 /* NSObject */,
				CE2CE0991B138F7800119639 /* NSDictionary */,
				FADF41541B125BB10083AE96 /* NSArray */,
				CE2CE0A51B1397AA00119639 /* NSMutableArray */,
				FADF41221B11D0980083AE96 /* UIStoryboard */,
			);
			path = Categories;
			sourceTree = "<group>";
		};
		FADF41221B11D0980083AE96 /* UIStoryboard */ = {
			isa = PBXGroup;
			children = (
				FADF411F1B11D07F0083AE96 /* UIStoryboard+Links.h */,
				FADF41201B11D07F0083AE96 /* UIStoryboard+Links.m */,
			);
			name = UIStoryboard;
			sourceTree = "<group>";
		};
		FADF41231B11D1A90083AE96 /* PlaceholderTableView */ = {
			isa = PBXGroup;
			children = (
				FADF412C1B11D77C0083AE96 /* PlaceholderTableView.h */,
				FADF412D1B11D77C0083AE96 /* PlaceholderTableView.m */,
			);
			name = PlaceholderTableView;
			sourceTree = "<group>";
		};
		FADF41241B11D1B30083AE96 /* TableViewController */ = {
			isa = PBXGroup;
			children = (
				FADA92CB1B107FBD0094BAA2 /* TableViewController.h */,
				FADA92CC1B107FBD0094BAA2 /* TableViewController.m */,
			);
			name = TableViewController;
			sourceTree = "<group>";
		};
		FADF41341B11E4400083AE96 /* TableViewCell */ = {
			isa = PBXGroup;
			children = (
				FADF41351B11E4500083AE96 /* BaseTableViewCell.h */,
				FADF41361B11E4500083AE96 /* BaseTableViewCell.m */,
			);
			name = TableViewCell;
			sourceTree = "<group>";
		};
		FADF413B1B11F5EA0083AE96 /* RatingStarView */ = {
			isa = PBXGroup;
			children = (
				FADF413C1B11F6010083AE96 /* RatingStarView.h */,
				FADF413D1B11F6010083AE96 /* RatingStarView.m */,
			);
			name = RatingStarView;
			sourceTree = "<group>";
		};
		FADF41431B11FF510083AE96 /* VenueDetails */ = {
			isa = PBXGroup;
			children = (
				CE2CE0B31B139E1300119639 /* Controller */,
				CE2CE0B41B139E1C00119639 /* Presenter */,
				CE2CE0B51B139E2300119639 /* Item */,
				CE2CE0B61B139E2800119639 /* Cell */,
			);
			path = VenueDetails;
			sourceTree = "<group>";
		};
		FADF41541B125BB10083AE96 /* NSArray */ = {
			isa = PBXGroup;
			children = (
				FADF41551B125BC00083AE96 /* NSArray+Map.h */,
				FADF41561B125BC00083AE96 /* NSArray+Map.m */,
			);
			name = NSArray;
			sourceTree = "<group>";
		};
/* End PBXGroup section */

/* Begin PBXNativeTarget section */
		FAC950AD1B10666A00A89F9C /* FueledVenues */ = {
			isa = PBXNativeTarget;
			buildConfigurationList = FAC950D11B10666A00A89F9C /* Build configuration list for PBXNativeTarget "FueledVenues" */;
			buildPhases = (
				6B3BC1F71A73C0DFACA85964 /* Check Pods Manifest.lock */,
				FAC950AA1B10666A00A89F9C /* Sources */,
				FAC950AB1B10666A00A89F9C /* Frameworks */,
				FAC950AC1B10666A00A89F9C /* Resources */,
				C558FD8A67CCC5CE4C20290B /* Copy Pods Resources */,
				B4BC45EF2C2B6D80F3945A40 /* Embed Pods Frameworks */,
			);
			buildRules = (
			);
			dependencies = (
			);
			name = FueledVenues;
			productName = FueledVenues;
			productReference = FAC950AE1B10666A00A89F9C /* FueledVenues.app */;
			productType = "com.apple.product-type.application";
		};
		FAC950C61B10666A00A89F9C /* FueledVenuesTests */ = {
			isa = PBXNativeTarget;
			buildConfigurationList = FAC950D41B10666A00A89F9C /* Build configuration list for PBXNativeTarget "FueledVenuesTests" */;
			buildPhases = (
				FAC950C31B10666A00A89F9C /* Sources */,
				FAC950C41B10666A00A89F9C /* Frameworks */,
				FAC950C51B10666A00A89F9C /* Resources */,
			);
			buildRules = (
			);
			dependencies = (
				FAC950C91B10666A00A89F9C /* PBXTargetDependency */,
			);
			name = FueledVenuesTests;
			productName = FueledVenuesTests;
			productReference = FAC950C71B10666A00A89F9C /* FueledVenuesTests.xctest */;
			productType = "com.apple.product-type.bundle.unit-test";
		};
/* End PBXNativeTarget section */

/* Begin PBXProject section */
		FAC950A61B10666A00A89F9C /* Project object */ = {
			isa = PBXProject;
			attributes = {
				LastUpgradeCheck = 0700;
				ORGANIZATIONNAME = "Alexandr Chernyshev";
				TargetAttributes = {
					FAC950AD1B10666A00A89F9C = {
						CreatedOnToolsVersion = 6.3.2;
						SystemCapabilities = {
							com.apple.Maps.iOS = {
								enabled = 1;
							};
						};
					};
					FAC950C61B10666A00A89F9C = {
						CreatedOnToolsVersion = 6.3.2;
						TestTargetID = FAC950AD1B10666A00A89F9C;
					};
				};
			};
			buildConfigurationList = FAC950A91B10666A00A89F9C /* Build configuration list for PBXProject "FueledVenues" */;
			compatibilityVersion = "Xcode 3.2";
			developmentRegion = English;
			hasScannedForEncodings = 0;
			knownRegions = (
				en,
			);
			mainGroup = FAC950A51B10666A00A89F9C;
			productRefGroup = FAC950AF1B10666A00A89F9C /* Products */;
			projectDirPath = "";
			projectRoot = "";
			targets = (
				FAC950AD1B10666A00A89F9C /* FueledVenues */,
				FAC950C61B10666A00A89F9C /* FueledVenuesTests */,
			);
		};
/* End PBXProject section */

/* Begin PBXResourcesBuildPhase section */
		FAC950AC1B10666A00A89F9C /* Resources */ = {
			isa = PBXResourcesBuildPhase;
			buildActionMask = 2147483647;
			files = (
				FADF41301B11E0BC0083AE96 /* Localizable.strings in Resources */,
				CE04B41D1B19106500C5ECD0 /* Images.xcassets in Resources */,
				FADA92811B10701A0094BAA2 /* Main.storyboard in Resources */,
				FADA92E51B10928E0094BAA2 /* VenueCell.xib in Resources */,
				FADA92801B10701A0094BAA2 /* LaunchScreen.xib in Resources */,
				CE04B4191B19048300C5ECD0 /* VenueAddressCell.xib in Resources */,
				CE3844A41B17607C00261D08 /* ReviewTableViewCell.xib in Resources */,
				FADF414E1B12519E0083AE96 /* VenueButtonsCell.xib in Resources */,
			);
			runOnlyForDeploymentPostprocessing = 0;
		};
		FAC950C51B10666A00A89F9C /* Resources */ = {
			isa = PBXResourcesBuildPhase;
			buildActionMask = 2147483647;
			files = (
			);
			runOnlyForDeploymentPostprocessing = 0;
		};
/* End PBXResourcesBuildPhase section */

/* Begin PBXShellScriptBuildPhase section */
		6B3BC1F71A73C0DFACA85964 /* Check Pods Manifest.lock */ = {
			isa = PBXShellScriptBuildPhase;
			buildActionMask = 2147483647;
			files = (
			);
			inputPaths = (
			);
			name = "Check Pods Manifest.lock";
			outputPaths = (
			);
			runOnlyForDeploymentPostprocessing = 0;
			shellPath = /bin/sh;
			shellScript = "diff \"${PODS_ROOT}/../Podfile.lock\" \"${PODS_ROOT}/Manifest.lock\" > /dev/null\nif [[ $? != 0 ]] ; then\n    cat << EOM\nerror: The sandbox is not in sync with the Podfile.lock. Run 'pod install' or update your CocoaPods installation.\nEOM\n    exit 1\nfi\n";
			showEnvVarsInLog = 0;
		};
		B4BC45EF2C2B6D80F3945A40 /* Embed Pods Frameworks */ = {
			isa = PBXShellScriptBuildPhase;
			buildActionMask = 2147483647;
			files = (
			);
			inputPaths = (
			);
			name = "Embed Pods Frameworks";
			outputPaths = (
			);
			runOnlyForDeploymentPostprocessing = 0;
			shellPath = /bin/sh;
			shellScript = "\"${SRCROOT}/Pods/Target Support Files/Pods/Pods-frameworks.sh\"\n";
			showEnvVarsInLog = 0;
		};
		C558FD8A67CCC5CE4C20290B /* Copy Pods Resources */ = {
			isa = PBXShellScriptBuildPhase;
			buildActionMask = 2147483647;
			files = (
			);
			inputPaths = (
			);
			name = "Copy Pods Resources";
			outputPaths = (
			);
			runOnlyForDeploymentPostprocessing = 0;
			shellPath = /bin/sh;
			shellScript = "\"${SRCROOT}/Pods/Target Support Files/Pods/Pods-resources.sh\"\n";
			showEnvVarsInLog = 0;
		};
/* End PBXShellScriptBuildPhase section */

/* Begin PBXSourcesBuildPhase section */
		FAC950AA1B10666A00A89F9C /* Sources */ = {
			isa = PBXSourcesBuildPhase;
			buildActionMask = 2147483647;
			files = (
				CE3844CA1B177B0D00261D08 /* User+CacheParsing.m in Sources */,
				FADA92A21B1078E50094BAA2 /* SectionsPresenter+Protected.m in Sources */,
				CE130B621B14CB7500601160 /* APIService.m in Sources */,
				CE2CE0AB1B139AC700119639 /* Photo+Parsing.m in Sources */,
				FA826F481B10F9B90082B943 /* UIView+FVStyles.m in Sources */,
				FADA92C31B107A170094BAA2 /* PresenterChangeSectionReload.m in Sources */,
				FADA929C1B1075AB0094BAA2 /* SectionItem+Protected.m in Sources */,
				CE3844C41B1779A400261D08 /* ReviewCache.m in Sources */,
				CE3844B71B17669500261D08 /* Review+Parsing.m in Sources */,
				FADA92CD1B107FBD0094BAA2 /* TableViewController.m in Sources */,
				FADF41491B11FFB80083AE96 /* VenueDetailsPresenter.m in Sources */,
				CE4407141B15F62E000464D3 /* Venue+CacheParsing.m in Sources */,
				CE2CE0A01B1394E700119639 /* NSObject+SafeParsing.m in Sources */,
				FADF414D1B12519E0083AE96 /* VenueButtonsCell.m in Sources */,
				FADA928E1B10727F0094BAA2 /* SectionItem.m in Sources */,
				CE3844A31B17607C00261D08 /* ReviewTableViewCell.m in Sources */,
				FADA92D01B107FFF0094BAA2 /* ReuseIdentifierMatcher.m in Sources */,
				FADA929F1B1078080094BAA2 /* SectionsPresenter.m in Sources */,
				FADF412E1B11D77C0083AE96 /* PlaceholderTableView.m in Sources */,
				CE2CE0BA1B139EFC00119639 /* VenueContactItem.m in Sources */,
				FADA92C01B107A170094BAA2 /* PresenterChangeSection.m in Sources */,
				FADF41521B1253A30083AE96 /* VenueAddressCell.m in Sources */,
				CE4407291B1604AE000464D3 /* VenueCache.m in Sources */,
				CE2CE0A41B13976B00119639 /* NSMutableArray+Secure.m in Sources */,
				FADF413A1B11E6C20083AE96 /* TextLabel.m in Sources */,
				CE3844BE1B1769A100261D08 /* User+Parsing.m in Sources */,
				FADF41211B11D07F0083AE96 /* UIStoryboard+Links.m in Sources */,
				FADF41461B11FF510083AE96 /* VenueDetailsViewController.m in Sources */,
				CE04B4011B18D1E100C5ECD0 /* ReviewCreateViewController.m in Sources */,
				FADA92C11B107A170094BAA2 /* PresenterChangeSectionDelete.m in Sources */,
				FADA92861B1070300094BAA2 /* main.m in Sources */,
				FADA92C21B107A170094BAA2 /* PresenterChangeSectionInsert.m in Sources */,
				FADF41331B11E28A0083AE96 /* TitleLabel.m in Sources */,
				FA826F401B10F8420082B943 /* UIFont+FVFonts.m in Sources */,
				FADA92E81B10953C0094BAA2 /* BaseEntity+Parsing.m in Sources */,
				FADA92CA1B107CDA0094BAA2 /* MutableSectionsPresenter.m in Sources */,
				CE44070D1B15F48E000464D3 /* BaseCacheEntity.m in Sources */,
				CE4407201B160360000464D3 /* Photo+CacheParsing.m in Sources */,
				FA826F3D1B10F74E0082B943 /* UIColor+FVColors.m in Sources */,
				FADA92BD1B107A170094BAA2 /* PresenterChangeItemDelete.m in Sources */,
				CE3844C11B1779A300261D08 /* UserCache.m in Sources */,
				CE3844A71B1761CA00261D08 /* ReviewsTableViewController.m in Sources */,
				CE3844BB1B1768BD00261D08 /* User.m in Sources */,
				FADF41371B11E4500083AE96 /* BaseTableViewCell.m in Sources */,
				CE3844C71B177A3D00261D08 /* Review+CacheParsing.m in Sources */,
				CE2CE09C1B138F9800119639 /* NSDictionary+SafeParsing.m in Sources */,
				FADA92911B1072880094BAA2 /* MutableSectionItem.m in Sources */,
				CE44073A1B162638000464D3 /* NavigationController.m in Sources */,
				FAC950B71B10666A00A89F9C /* AppDelegate.m in Sources */,
				CE4407071B15F445000464D3 /* CacheClient.m in Sources */,
				FADA92EB1B10969E0094BAA2 /* Venue+Parsing.m in Sources */,
				CE04B4091B18E94200C5ECD0 /* VenueMapViewController.m in Sources */,
				FADA92E41B10928E0094BAA2 /* VenueCell.m in Sources */,
				CE3844B41B17656400261D08 /* Review.m in Sources */,
				FADA92BC1B107A170094BAA2 /* PresenterChangeItem.m in Sources */,
				FADF41571B125BC00083AE96 /* NSArray+Map.m in Sources */,
				FADA92D61B1085480094BAA2 /* BaseEntity.m in Sources */,
				CE2CE0A81B139A2900119639 /* Photo.m in Sources */,
				FADA92E01B1092070094BAA2 /* VenuesPresenter.m in Sources */,
				FADA92BF1B107A170094BAA2 /* PresenterChangeItemReload.m in Sources */,
				FADA92C71B107BE80094BAA2 /* PresenterChangeReload.m in Sources */,
				CE3053A51B15E9350063ED98 /* VenuesDataClient.m in Sources */,
				CE3844AA1B1761E200261D08 /* ReviewsViewPresenter.m in Sources */,
				CE44072C1B1604AF000464D3 /* PhotoCache.m in Sources */,
				FA826F4C1B10FAF40082B943 /* FVNavigationBar.m in Sources */,
				CE3099651B14A24C00678C6F /* NSDateFormatter+Singleton.m in Sources */,
				FADA92BE1B107A170094BAA2 /* PresenterChangeItemInsert.m in Sources */,
				CE95426F1B18B44D00153C27 /* NSObject+Swizzle.m in Sources */,
				CE4407081B15F445000464D3 /* FueledVenues.xcdatamodeld in Sources */,
				CE3844B11B17646C00261D08 /* BackgroundView.m in Sources */,
				FADF413E1B11F6010083AE96 /* RatingStarView.m in Sources */,
				CE3053B81B15EE980063ED98 /* ServiceLayer.m in Sources */,
				CE3053A91B15EBFD0063ED98 /* VenuesCacheClient.m in Sources */,
				FADA92DD1B1089380094BAA2 /* VenuesListViewController.m in Sources */,
				CE04B40D1B18E96100C5ECD0 /* ViewController.m in Sources */,
				CE3053B51B15EE070063ED98 /* VenuesService.m in Sources */,
				FADA92D91B1085530094BAA2 /* Venue.m in Sources */,
				CE44072F1B160B81000464D3 /* BaseItem.m in Sources */,
				FA826F361B10D3500082B943 /* RatingView.m in Sources */,
				CE4407171B15F6EB000464D3 /* BaseEntity+CacheParsing.m in Sources */,
			);
			runOnlyForDeploymentPostprocessing = 0;
		};
		FAC950C31B10666A00A89F9C /* Sources */ = {
			isa = PBXSourcesBuildPhase;
			buildActionMask = 2147483647;
			files = (
				FAC950CE1B10666A00A89F9C /* FueledVenuesTests.m in Sources */,
			);
			runOnlyForDeploymentPostprocessing = 0;
		};
/* End PBXSourcesBuildPhase section */

/* Begin PBXTargetDependency section */
		FAC950C91B10666A00A89F9C /* PBXTargetDependency */ = {
			isa = PBXTargetDependency;
			target = FAC950AD1B10666A00A89F9C /* FueledVenues */;
			targetProxy = FAC950C81B10666A00A89F9C /* PBXContainerItemProxy */;
		};
/* End PBXTargetDependency section */

/* Begin XCBuildConfiguration section */
		FAC950CF1B10666A00A89F9C /* Debug */ = {
			isa = XCBuildConfiguration;
			buildSettings = {
				ALWAYS_SEARCH_USER_PATHS = NO;
				CLANG_CXX_LANGUAGE_STANDARD = "gnu++0x";
				CLANG_CXX_LIBRARY = "libc++";
				CLANG_ENABLE_MODULES = YES;
				CLANG_ENABLE_OBJC_ARC = YES;
				CLANG_WARN_BOOL_CONVERSION = YES;
				CLANG_WARN_CONSTANT_CONVERSION = YES;
				CLANG_WARN_DIRECT_OBJC_ISA_USAGE = YES_ERROR;
				CLANG_WARN_EMPTY_BODY = YES;
				CLANG_WARN_ENUM_CONVERSION = YES;
				CLANG_WARN_INT_CONVERSION = YES;
				CLANG_WARN_OBJC_ROOT_CLASS = YES_ERROR;
				CLANG_WARN_UNREACHABLE_CODE = YES;
				CLANG_WARN__DUPLICATE_METHOD_MATCH = YES;
				"CODE_SIGN_IDENTITY[sdk=iphoneos*]" = "iPhone Developer";
				COPY_PHASE_STRIP = NO;
				DEBUG_INFORMATION_FORMAT = "dwarf-with-dsym";
				ENABLE_STRICT_OBJC_MSGSEND = YES;
				ENABLE_TESTABILITY = YES;
				GCC_C_LANGUAGE_STANDARD = gnu99;
				GCC_DYNAMIC_NO_PIC = NO;
				GCC_NO_COMMON_BLOCKS = YES;
				GCC_OPTIMIZATION_LEVEL = 0;
				GCC_PREPROCESSOR_DEFINITIONS = (
					"DEBUG=1",
					"$(inherited)",
				);
				GCC_SYMBOLS_PRIVATE_EXTERN = NO;
				GCC_WARN_64_TO_32_BIT_CONVERSION = YES;
				GCC_WARN_ABOUT_RETURN_TYPE = YES_ERROR;
				GCC_WARN_UNDECLARED_SELECTOR = YES;
				GCC_WARN_UNINITIALIZED_AUTOS = YES_AGGRESSIVE;
				GCC_WARN_UNUSED_FUNCTION = YES;
				GCC_WARN_UNUSED_VARIABLE = YES;
				IPHONEOS_DEPLOYMENT_TARGET = 7.0;
				MTL_ENABLE_DEBUG_INFO = YES;
				ONLY_ACTIVE_ARCH = YES;
				SDKROOT = iphoneos;
			};
			name = Debug;
		};
		FAC950D01B10666A00A89F9C /* Release */ = {
			isa = XCBuildConfiguration;
			buildSettings = {
				ALWAYS_SEARCH_USER_PATHS = NO;
				CLANG_CXX_LANGUAGE_STANDARD = "gnu++0x";
				CLANG_CXX_LIBRARY = "libc++";
				CLANG_ENABLE_MODULES = YES;
				CLANG_ENABLE_OBJC_ARC = YES;
				CLANG_WARN_BOOL_CONVERSION = YES;
				CLANG_WARN_CONSTANT_CONVERSION = YES;
				CLANG_WARN_DIRECT_OBJC_ISA_USAGE = YES_ERROR;
				CLANG_WARN_EMPTY_BODY = YES;
				CLANG_WARN_ENUM_CONVERSION = YES;
				CLANG_WARN_INT_CONVERSION = YES;
				CLANG_WARN_OBJC_ROOT_CLASS = YES_ERROR;
				CLANG_WARN_UNREACHABLE_CODE = YES;
				CLANG_WARN__DUPLICATE_METHOD_MATCH = YES;
				"CODE_SIGN_IDENTITY[sdk=iphoneos*]" = "iPhone Developer";
				COPY_PHASE_STRIP = NO;
				DEBUG_INFORMATION_FORMAT = "dwarf-with-dsym";
				ENABLE_NS_ASSERTIONS = NO;
				ENABLE_STRICT_OBJC_MSGSEND = YES;
				GCC_C_LANGUAGE_STANDARD = gnu99;
				GCC_NO_COMMON_BLOCKS = YES;
				GCC_WARN_64_TO_32_BIT_CONVERSION = YES;
				GCC_WARN_ABOUT_RETURN_TYPE = YES_ERROR;
				GCC_WARN_UNDECLARED_SELECTOR = YES;
				GCC_WARN_UNINITIALIZED_AUTOS = YES_AGGRESSIVE;
				GCC_WARN_UNUSED_FUNCTION = YES;
				GCC_WARN_UNUSED_VARIABLE = YES;
				IPHONEOS_DEPLOYMENT_TARGET = 7.0;
				MTL_ENABLE_DEBUG_INFO = NO;
				SDKROOT = iphoneos;
				VALIDATE_PRODUCT = YES;
			};
			name = Release;
		};
		FAC950D21B10666A00A89F9C /* Debug */ = {
			isa = XCBuildConfiguration;
			baseConfigurationReference = AAC432F46997FABFFF9157CA /* Pods.debug.xcconfig */;
			buildSettings = {
				ASSETCATALOG_COMPILER_APPICON_NAME = AppIcon;
				ASSETCATALOG_COMPILER_LAUNCHIMAGE_NAME = LaunchImage;
				INFOPLIST_FILE = FueledVenues/SupportingFiles/Info.plist;
				IPHONEOS_DEPLOYMENT_TARGET = 7.0;
				LD_RUNPATH_SEARCH_PATHS = "$(inherited) @executable_path/Frameworks";
				PRODUCT_BUNDLE_IDENTIFIER = "ru.AlexChernyshev.$(PRODUCT_NAME:rfc1034identifier)";
				PRODUCT_NAME = "$(TARGET_NAME)";
				TARGETED_DEVICE_FAMILY = 1;
			};
			name = Debug;
		};
		FAC950D31B10666A00A89F9C /* Release */ = {
			isa = XCBuildConfiguration;
			baseConfigurationReference = DCFDEC1D33375EB9363000B7 /* Pods.release.xcconfig */;
			buildSettings = {
				ASSETCATALOG_COMPILER_APPICON_NAME = AppIcon;
				ASSETCATALOG_COMPILER_LAUNCHIMAGE_NAME = LaunchImage;
				INFOPLIST_FILE = FueledVenues/SupportingFiles/Info.plist;
				IPHONEOS_DEPLOYMENT_TARGET = 7.0;
				LD_RUNPATH_SEARCH_PATHS = "$(inherited) @executable_path/Frameworks";
				PRODUCT_BUNDLE_IDENTIFIER = "ru.AlexChernyshev.$(PRODUCT_NAME:rfc1034identifier)";
				PRODUCT_NAME = "$(TARGET_NAME)";
				TARGETED_DEVICE_FAMILY = 1;
			};
			name = Release;
		};
		FAC950D51B10666A00A89F9C /* Debug */ = {
			isa = XCBuildConfiguration;
			buildSettings = {
				BUNDLE_LOADER = "$(TEST_HOST)";
				FRAMEWORK_SEARCH_PATHS = (
					"$(SDKROOT)/Developer/Library/Frameworks",
					"$(inherited)",
				);
				GCC_PREPROCESSOR_DEFINITIONS = (
					"DEBUG=1",
					"$(inherited)",
				);
				INFOPLIST_FILE = FueledVenuesTests/Info.plist;
				LD_RUNPATH_SEARCH_PATHS = "$(inherited) @executable_path/Frameworks @loader_path/Frameworks";
				PRODUCT_BUNDLE_IDENTIFIER = "ru.AlexChernyshev.$(PRODUCT_NAME:rfc1034identifier)";
				PRODUCT_NAME = "$(TARGET_NAME)";
				TEST_HOST = "$(BUILT_PRODUCTS_DIR)/FueledVenues.app/FueledVenues";
			};
			name = Debug;
		};
		FAC950D61B10666A00A89F9C /* Release */ = {
			isa = XCBuildConfiguration;
			buildSettings = {
				BUNDLE_LOADER = "$(TEST_HOST)";
				FRAMEWORK_SEARCH_PATHS = (
					"$(SDKROOT)/Developer/Library/Frameworks",
					"$(inherited)",
				);
				INFOPLIST_FILE = FueledVenuesTests/Info.plist;
				LD_RUNPATH_SEARCH_PATHS = "$(inherited) @executable_path/Frameworks @loader_path/Frameworks";
				PRODUCT_BUNDLE_IDENTIFIER = "ru.AlexChernyshev.$(PRODUCT_NAME:rfc1034identifier)";
				PRODUCT_NAME = "$(TARGET_NAME)";
				TEST_HOST = "$(BUILT_PRODUCTS_DIR)/FueledVenues.app/FueledVenues";
			};
			name = Release;
		};
/* End XCBuildConfiguration section */

/* Begin XCConfigurationList section */
		FAC950A91B10666A00A89F9C /* Build configuration list for PBXProject "FueledVenues" */ = {
			isa = XCConfigurationList;
			buildConfigurations = (
				FAC950CF1B10666A00A89F9C /* Debug */,
				FAC950D01B10666A00A89F9C /* Release */,
			);
			defaultConfigurationIsVisible = 0;
			defaultConfigurationName = Release;
		};
		FAC950D11B10666A00A89F9C /* Build configuration list for PBXNativeTarget "FueledVenues" */ = {
			isa = XCConfigurationList;
			buildConfigurations = (
				FAC950D21B10666A00A89F9C /* Debug */,
				FAC950D31B10666A00A89F9C /* Release */,
			);
			defaultConfigurationIsVisible = 0;
			defaultConfigurationName = Release;
		};
		FAC950D41B10666A00A89F9C /* Build configuration list for PBXNativeTarget "FueledVenuesTests" */ = {
			isa = XCConfigurationList;
			buildConfigurations = (
				FAC950D51B10666A00A89F9C /* Debug */,
				FAC950D61B10666A00A89F9C /* Release */,
			);
			defaultConfigurationIsVisible = 0;
			defaultConfigurationName = Release;
		};
/* End XCConfigurationList section */

/* Begin XCVersionGroup section */
		CE4407021B15F445000464D3 /* FueledVenues.xcdatamodeld */ = {
			isa = XCVersionGroup;
			children = (
				CE4407031B15F445000464D3 /* FueledVenues.xcdatamodel */,
			);
			currentVersion = CE4407031B15F445000464D3 /* FueledVenues.xcdatamodel */;
			path = FueledVenues.xcdatamodeld;
			sourceTree = "<group>";
			versionGroupType = wrapper.xcdatamodel;
		};
/* End XCVersionGroup section */
	};
	rootObject = FAC950A61B10666A00A89F9C /* Project object */;
}
